
Microsoft Visual Studio Solution File, Format Version 12.00
# Visual Studio Version 17
VisualStudioVersion = 17.4.33213.308
MinimumVisualStudioVersion = 10.0.40219.1
Project("{FAE04EC0-301F-11D3-BF4B-00C04F79EFBC}") = "HelloWorld", "HelloWorld\HelloWorld.csproj", "{24A43E93-7F3E-4FEB-92C0-540AF7055123}"
EndProject
Project("{FAE04EC0-301F-11D3-BF4B-00C04F79EFBC}") = "Lab1", "Lab1\Lab1.csproj", "{1056E37E-6653-4B18-8E3E-A281959058CE}"
EndProject
Project("{FAE04EC0-301F-11D3-BF4B-00C04F79EFBC}") = "ConsoleApp11", "ConsoleApp11\ConsoleApp11.csproj", "{20D1CFA0-0931-4FE5-895A-AD0CF3A39CDF}"
EndProject
Project("{FAE04EC0-301F-11D3-BF4B-00C04F79EFBC}") = "Lab12", "Lab12\Lab12.csproj", "{194F5151-07C7-46BF-A918-89D5F09FA19E}"
EndProject
Project("{FAE04EC0-301F-11D3-BF4B-00C04F79EFBC}") = "Lab13", "Lab13\Lab13.csproj", "{C6E82230-4A6D-4D4B-9AC4-03058776A597}"
EndProject
Project("{FAE04EC0-301F-11D3-BF4B-00C04F79EFBC}") = "SimpleCalculator.ConsoleApp", "SimpleCalculator.ConsoleApp\SimpleCalculator.ConsoleApp.csproj", "{62885B61-1CEC-46F4-ABAF-58630FB461E5}"
EndProject
Project("{FAE04EC0-301F-11D3-BF4B-00C04F79EFBC}") = "SimpleCalculator.Business", "SimpleCalculator.Business\SimpleCalculator.Business.csproj", "{886C2B81-023C-4227-B881-1968202745DE}"
EndProject
Project("{2150E333-8FDC-42A3-9474-1A3956D46DE8}") = "SimpleCalculatorApp", "SimpleCalculatorApp", "{CEB89282-BFCA-41E9-BA38-D5057EE42549}"
EndProject
Project("{2150E333-8FDC-42A3-9474-1A3956D46DE8}") = "PresentationLayer", "PresentationLayer", "{8AAE8EEE-AC33-4E8F-A707-384753A2DFC9}"
EndProject
Project("{2150E333-8FDC-42A3-9474-1A3956D46DE8}") = "BusinessLayer", "BusinessLayer", "{D7BBE3BA-F521-4E5A-8E6C-4A7AB45652D2}"
EndProject
Project("{FAE04EC0-301F-11D3-BF4B-00C04F79EFBC}") = "SimpleCalculator.WindowsFormsApp", "SimpleCalculator.WindowsFormsApp\SimpleCalculator.WindowsFormsApp.csproj", "{2990AE43-0F74-4CB2-9556-16BA59F6EDB3}"
EndProject
Project("{2150E333-8FDC-42A3-9474-1A3956D46DE8}") = "StudentDetailsApp", "StudentDetailsApp", "{FF2098D2-D9C9-4D9C-B037-6ED5D63F659D}"
EndProject
Project("{2150E333-8FDC-42A3-9474-1A3956D46DE8}") = "Presentation", "Presentation", "{EE122E58-CD32-4D46-BB34-56982F0AC60E}"
EndProject
Project("{2150E333-8FDC-42A3-9474-1A3956D46DE8}") = "Business", "Business", "{5B3FDCEF-1AF2-4D1C-B373-55B0A4B7FCB1}"
EndProject
Project("{FAE04EC0-301F-11D3-BF4B-00C04F79EFBC}") = "StudentDetails.Presentation", "StudentDetails.Presentation\StudentDetails.Presentation.csproj", "{3A88D233-8B33-44EA-BF25-F3966A500B38}"
EndProject
Project("{2150E333-8FDC-42A3-9474-1A3956D46DE8}") = "Interfaces", "Interfaces", "{F8FF6902-4830-4F78-890C-4B050E738FFB}"
EndProject
Project("{2150E333-8FDC-42A3-9474-1A3956D46DE8}") = "Classes", "Classes", "{A29F19C6-61AD-4C85-87BA-EC4D808AE62B}"
EndProject
Project("{FAE04EC0-301F-11D3-BF4B-00C04F79EFBC}") = "RankInt", "RankInt\RankInt.csproj", "{13F0D223-3AB3-476B-A606-BE5192ACD5BA}"
EndProject
Project("{FAE04EC0-301F-11D3-BF4B-00C04F79EFBC}") = "Ranker", "FindSum\Ranker.csproj", "{7DBD1AD7-0C04-4DC4-88FF-6C10869AEEB9}"
EndProject
Project("{2150E333-8FDC-42A3-9474-1A3956D46DE8}") = "OOCode", "OOCode", "{76AED222-509A-48FF-B3D2-3572FCBE2908}"
EndProject
Project("{FAE04EC0-301F-11D3-BF4B-00C04F79EFBC}") = "OOCode1", "OOCode1\OOCode1.csproj", "{74DC3B68-76C7-49AF-99B3-FD73223D68A1}"
EndProject
Project("{FAE04EC0-301F-11D3-BF4B-00C04F79EFBC}") = "HelloWorld1", "HelloWorld1\HelloWorld1.csproj", "{23E16E30-E3DF-489D-99FA-F7C680921EC3}"
EndProject
Project("{2150E333-8FDC-42A3-9474-1A3956D46DE8}") = "UML to Code", "UML to Code", "{E21B55EB-F068-402A-BC42-1D7A71F917B0}"
EndProject
Project("{FAE04EC0-301F-11D3-BF4B-00C04F79EFBC}") = "TrainingAppProblem", "TrainingAppProblem\TrainingAppProblem.csproj", "{3F4D52F6-54E5-47F9-9521-6351BEC4B5A1}"
EndProject
Project("{FAE04EC0-301F-11D3-BF4B-00C04F79EFBC}") = "CompanyOrders", "CompanyOrders\CompanyOrders.csproj", "{E9219C24-9667-4840-A44C-B7A309498130}"
EndProject
Project("{FAE04EC0-301F-11D3-BF4B-00C04F79EFBC}") = "Company_Assessment", "Company_Assessment\Company_Assessment.csproj", "{1C8A4216-AB0D-40A7-9F35-A31AFC3FA4F2}"
EndProject
Project("{FAE04EC0-301F-11D3-BF4B-00C04F79EFBC}") = "SkillAssure", "SkillAssure\SkillAssure.csproj", "{C864E721-0505-417A-B768-C87D28DE7FC8}"
EndProject
Project("{2150E333-8FDC-42A3-9474-1A3956D46DE8}") = "OO", "OO", "{BB47C77A-87F9-4709-A1C6-2C7917233561}"
EndProject
Project("{FAE04EC0-301F-11D3-BF4B-00C04F79EFBC}") = "Demo", "Demo\Demo.csproj", "{428514F7-4ACE-4346-8AFB-FC92405C11B4}"
EndProject
Project("{FAE04EC0-301F-11D3-BF4B-00C04F79EFBC}") = "Languages", "Languages\Languages.csproj", "{834BAAB8-BCA9-44DE-92BF-F72B10C0DED3}"
EndProject
Project("{FAE04EC0-301F-11D3-BF4B-00C04F79EFBC}") = "OOExercise", "OOExercise\OOExercise.csproj", "{EC1029DE-335F-44ED-B0FE-58BA317276FD}"
EndProject
Project("{FAE04EC0-301F-11D3-BF4B-00C04F79EFBC}") = "Hospital", "Hospital\Hospital.csproj", "{2AB9124B-F663-4004-8898-005ACA59B7B1}"
EndProject
Project("{FAE04EC0-301F-11D3-BF4B-00C04F79EFBC}") = "BankSuccess", "BankSuccess\BankSuccess.csproj", "{88E8FD60-9A25-4393-9424-83675896599A}"
EndProject
Project("{2150E333-8FDC-42A3-9474-1A3956D46DE8}") = "Collections", "Collections", "{92C4918D-A820-4618-AAC2-FC617627369B}"
EndProject
Project("{FAE04EC0-301F-11D3-BF4B-00C04F79EFBC}") = "CollectionsDemo1", "CollectionsDemo1\CollectionsDemo1.csproj", "{D827EEC5-7709-427F-8EF8-EA5C39BE3183}"
EndProject
Project("{FAE04EC0-301F-11D3-BF4B-00C04F79EFBC}") = "CollectionsDemo2", "CollectionsDemo2\CollectionsDemo2.csproj", "{C0CD2C11-5A3D-4A2E-89B8-B08C28AAAE97}"
EndProject
Project("{FAE04EC0-301F-11D3-BF4B-00C04F79EFBC}") = "CollectionsDemo3", "CollectionsDemo3\CollectionsDemo3.csproj", "{838AC74E-C4E0-4484-B729-73C2E8A853E5}"
EndProject
Project("{FAE04EC0-301F-11D3-BF4B-00C04F79EFBC}") = "PointOfSale", "PointOfSale\PointOfSale.csproj", "{B289E79B-793D-4316-8F82-7143ACB1B42B}"
EndProject
Project("{FAE04EC0-301F-11D3-BF4B-00C04F79EFBC}") = "MembershipApp", "MembershipApp\MembershipApp.csproj", "{5691A0AF-CAB5-45C8-8FE8-C228A05CAF56}"
EndProject
Project("{FAE04EC0-301F-11D3-BF4B-00C04F79EFBC}") = "CollectionsExercise", "CollectionsExercise\CollectionsExercise.csproj", "{296F07B3-F067-4E03-9810-95B7641C9F64}"
EndProject
Project("{FAE04EC0-301F-11D3-BF4B-00C04F79EFBC}") = "ComputerKiosk", "ComputerKiosk\ComputerKiosk.csproj", "{D929ED63-4C74-4015-9FCE-BB713B60E70E}"
EndProject
Project("{2150E333-8FDC-42A3-9474-1A3956D46DE8}") = "ExceptionHandling", "ExceptionHandling", "{D13D120C-0FCE-44C2-9910-193A386C337A}"
EndProject
Project("{FAE04EC0-301F-11D3-BF4B-00C04F79EFBC}") = "ExceptionDemo1", "ExceptionDemo1\ExceptionDemo1.csproj", "{F323F6C5-87EA-4582-B52B-93B791932866}"
EndProject
Project("{2150E333-8FDC-42A3-9474-1A3956D46DE8}") = "FileIO", "FileIO", "{63841C2D-5391-4CBB-BF05-71D5A8F78221}"
EndProject
Project("{FAE04EC0-301F-11D3-BF4B-00C04F79EFBC}") = "FileDemo1", "FileDemo1\FileDemo1.csproj", "{618AC6A1-C532-45F3-AFF8-A96ADE9EFD1C}"
EndProject
Project("{2150E333-8FDC-42A3-9474-1A3956D46DE8}") = "ContactManager", "ContactManager", "{F5441EA6-14DD-4B9B-8D30-9AA55E8F9ACC}"
EndProject
Project("{2150E333-8FDC-42A3-9474-1A3956D46DE8}") = "Presentation Layer", "Presentation Layer", "{809ABABD-C66A-45AB-837B-F1A79C7010E5}"
EndProject
Project("{2150E333-8FDC-42A3-9474-1A3956D46DE8}") = "Data Layer", "Data Layer", "{E5D478A2-B171-4C86-A330-EABBA573193D}"
EndProject
Project("{FAE04EC0-301F-11D3-BF4B-00C04F79EFBC}") = "ContactManager.ConsoleApp", "ContactManager.ConsoleApp\ContactManager.ConsoleApp.csproj", "{4F904E9B-9D4A-4AA7-A045-E7F11A3AEFC9}"
EndProject
Project("{FAE04EC0-301F-11D3-BF4B-00C04F79EFBC}") = "ContactManager.DataAccess", "ContactManager.DataAccess\ContactManager.DataAccess.csproj", "{76482639-B20E-4B24-9778-0676B3934EE5}"
EndProject
Project("{2150E333-8FDC-42A3-9474-1A3956D46DE8}") = "Delegates and Events", "Delegates and Events", "{FCDC05CE-3A39-4B18-B339-B6AB142804B3}"
EndProject
Project("{FAE04EC0-301F-11D3-BF4B-00C04F79EFBC}") = "DelegateDemo1", "DelegateDemo1\DelegateDemo1.csproj", "{25A32C13-88ED-412F-9BBA-BE73B9840251}"
EndProject
Project("{FAE04EC0-301F-11D3-BF4B-00C04F79EFBC}") = "DelegateDemo2", "DelegateDemo2\DelegateDemo2.csproj", "{8CFE8A68-803A-40BB-8B85-3927E92021A5}"
EndProject
Global
	GlobalSection(SolutionConfigurationPlatforms) = preSolution
		Debug|Any CPU = Debug|Any CPU
		Release|Any CPU = Release|Any CPU
	EndGlobalSection
	GlobalSection(ProjectConfigurationPlatforms) = postSolution
		{24A43E93-7F3E-4FEB-92C0-540AF7055123}.Debug|Any CPU.ActiveCfg = Debug|Any CPU
		{24A43E93-7F3E-4FEB-92C0-540AF7055123}.Debug|Any CPU.Build.0 = Debug|Any CPU
		{24A43E93-7F3E-4FEB-92C0-540AF7055123}.Release|Any CPU.ActiveCfg = Release|Any CPU
		{24A43E93-7F3E-4FEB-92C0-540AF7055123}.Release|Any CPU.Build.0 = Release|Any CPU
		{1056E37E-6653-4B18-8E3E-A281959058CE}.Debug|Any CPU.ActiveCfg = Debug|Any CPU
		{1056E37E-6653-4B18-8E3E-A281959058CE}.Debug|Any CPU.Build.0 = Debug|Any CPU
		{1056E37E-6653-4B18-8E3E-A281959058CE}.Release|Any CPU.ActiveCfg = Release|Any CPU
		{1056E37E-6653-4B18-8E3E-A281959058CE}.Release|Any CPU.Build.0 = Release|Any CPU
		{20D1CFA0-0931-4FE5-895A-AD0CF3A39CDF}.Debug|Any CPU.ActiveCfg = Debug|Any CPU
		{20D1CFA0-0931-4FE5-895A-AD0CF3A39CDF}.Debug|Any CPU.Build.0 = Debug|Any CPU
		{20D1CFA0-0931-4FE5-895A-AD0CF3A39CDF}.Release|Any CPU.ActiveCfg = Release|Any CPU
		{20D1CFA0-0931-4FE5-895A-AD0CF3A39CDF}.Release|Any CPU.Build.0 = Release|Any CPU
		{194F5151-07C7-46BF-A918-89D5F09FA19E}.Debug|Any CPU.ActiveCfg = Debug|Any CPU
		{194F5151-07C7-46BF-A918-89D5F09FA19E}.Debug|Any CPU.Build.0 = Debug|Any CPU
		{194F5151-07C7-46BF-A918-89D5F09FA19E}.Release|Any CPU.ActiveCfg = Release|Any CPU
		{194F5151-07C7-46BF-A918-89D5F09FA19E}.Release|Any CPU.Build.0 = Release|Any CPU
		{C6E82230-4A6D-4D4B-9AC4-03058776A597}.Debug|Any CPU.ActiveCfg = Debug|Any CPU
		{C6E82230-4A6D-4D4B-9AC4-03058776A597}.Debug|Any CPU.Build.0 = Debug|Any CPU
		{C6E82230-4A6D-4D4B-9AC4-03058776A597}.Release|Any CPU.ActiveCfg = Release|Any CPU
		{C6E82230-4A6D-4D4B-9AC4-03058776A597}.Release|Any CPU.Build.0 = Release|Any CPU
		{62885B61-1CEC-46F4-ABAF-58630FB461E5}.Debug|Any CPU.ActiveCfg = Debug|Any CPU
		{62885B61-1CEC-46F4-ABAF-58630FB461E5}.Debug|Any CPU.Build.0 = Debug|Any CPU
		{62885B61-1CEC-46F4-ABAF-58630FB461E5}.Release|Any CPU.ActiveCfg = Release|Any CPU
		{62885B61-1CEC-46F4-ABAF-58630FB461E5}.Release|Any CPU.Build.0 = Release|Any CPU
		{886C2B81-023C-4227-B881-1968202745DE}.Debug|Any CPU.ActiveCfg = Debug|Any CPU
		{886C2B81-023C-4227-B881-1968202745DE}.Debug|Any CPU.Build.0 = Debug|Any CPU
		{886C2B81-023C-4227-B881-1968202745DE}.Release|Any CPU.ActiveCfg = Release|Any CPU
		{886C2B81-023C-4227-B881-1968202745DE}.Release|Any CPU.Build.0 = Release|Any CPU
		{2990AE43-0F74-4CB2-9556-16BA59F6EDB3}.Debug|Any CPU.ActiveCfg = Debug|Any CPU
		{2990AE43-0F74-4CB2-9556-16BA59F6EDB3}.Debug|Any CPU.Build.0 = Debug|Any CPU
		{2990AE43-0F74-4CB2-9556-16BA59F6EDB3}.Release|Any CPU.ActiveCfg = Release|Any CPU
		{2990AE43-0F74-4CB2-9556-16BA59F6EDB3}.Release|Any CPU.Build.0 = Release|Any CPU
		{3A88D233-8B33-44EA-BF25-F3966A500B38}.Debug|Any CPU.ActiveCfg = Debug|Any CPU
		{3A88D233-8B33-44EA-BF25-F3966A500B38}.Debug|Any CPU.Build.0 = Debug|Any CPU
		{3A88D233-8B33-44EA-BF25-F3966A500B38}.Release|Any CPU.ActiveCfg = Release|Any CPU
		{3A88D233-8B33-44EA-BF25-F3966A500B38}.Release|Any CPU.Build.0 = Release|Any CPU
		{13F0D223-3AB3-476B-A606-BE5192ACD5BA}.Debug|Any CPU.ActiveCfg = Debug|Any CPU
		{13F0D223-3AB3-476B-A606-BE5192ACD5BA}.Debug|Any CPU.Build.0 = Debug|Any CPU
		{13F0D223-3AB3-476B-A606-BE5192ACD5BA}.Release|Any CPU.ActiveCfg = Release|Any CPU
		{13F0D223-3AB3-476B-A606-BE5192ACD5BA}.Release|Any CPU.Build.0 = Release|Any CPU
		{7DBD1AD7-0C04-4DC4-88FF-6C10869AEEB9}.Debug|Any CPU.ActiveCfg = Debug|Any CPU
		{7DBD1AD7-0C04-4DC4-88FF-6C10869AEEB9}.Debug|Any CPU.Build.0 = Debug|Any CPU
		{7DBD1AD7-0C04-4DC4-88FF-6C10869AEEB9}.Release|Any CPU.ActiveCfg = Release|Any CPU
		{7DBD1AD7-0C04-4DC4-88FF-6C10869AEEB9}.Release|Any CPU.Build.0 = Release|Any CPU
		{74DC3B68-76C7-49AF-99B3-FD73223D68A1}.Debug|Any CPU.ActiveCfg = Debug|Any CPU
		{74DC3B68-76C7-49AF-99B3-FD73223D68A1}.Debug|Any CPU.Build.0 = Debug|Any CPU
		{74DC3B68-76C7-49AF-99B3-FD73223D68A1}.Release|Any CPU.ActiveCfg = Release|Any CPU
		{74DC3B68-76C7-49AF-99B3-FD73223D68A1}.Release|Any CPU.Build.0 = Release|Any CPU
		{23E16E30-E3DF-489D-99FA-F7C680921EC3}.Debug|Any CPU.ActiveCfg = Debug|Any CPU
		{23E16E30-E3DF-489D-99FA-F7C680921EC3}.Debug|Any CPU.Build.0 = Debug|Any CPU
		{23E16E30-E3DF-489D-99FA-F7C680921EC3}.Release|Any CPU.ActiveCfg = Release|Any CPU
		{23E16E30-E3DF-489D-99FA-F7C680921EC3}.Release|Any CPU.Build.0 = Release|Any CPU
		{3F4D52F6-54E5-47F9-9521-6351BEC4B5A1}.Debug|Any CPU.ActiveCfg = Debug|Any CPU
		{3F4D52F6-54E5-47F9-9521-6351BEC4B5A1}.Debug|Any CPU.Build.0 = Debug|Any CPU
		{3F4D52F6-54E5-47F9-9521-6351BEC4B5A1}.Release|Any CPU.ActiveCfg = Release|Any CPU
		{3F4D52F6-54E5-47F9-9521-6351BEC4B5A1}.Release|Any CPU.Build.0 = Release|Any CPU
		{E9219C24-9667-4840-A44C-B7A309498130}.Debug|Any CPU.ActiveCfg = Debug|Any CPU
		{E9219C24-9667-4840-A44C-B7A309498130}.Debug|Any CPU.Build.0 = Debug|Any CPU
		{E9219C24-9667-4840-A44C-B7A309498130}.Release|Any CPU.ActiveCfg = Release|Any CPU
		{E9219C24-9667-4840-A44C-B7A309498130}.Release|Any CPU.Build.0 = Release|Any CPU
		{1C8A4216-AB0D-40A7-9F35-A31AFC3FA4F2}.Debug|Any CPU.ActiveCfg = Debug|Any CPU
		{1C8A4216-AB0D-40A7-9F35-A31AFC3FA4F2}.Debug|Any CPU.Build.0 = Debug|Any CPU
		{1C8A4216-AB0D-40A7-9F35-A31AFC3FA4F2}.Release|Any CPU.ActiveCfg = Release|Any CPU
		{1C8A4216-AB0D-40A7-9F35-A31AFC3FA4F2}.Release|Any CPU.Build.0 = Release|Any CPU
		{C864E721-0505-417A-B768-C87D28DE7FC8}.Debug|Any CPU.ActiveCfg = Debug|Any CPU
		{C864E721-0505-417A-B768-C87D28DE7FC8}.Debug|Any CPU.Build.0 = Debug|Any CPU
		{C864E721-0505-417A-B768-C87D28DE7FC8}.Release|Any CPU.ActiveCfg = Release|Any CPU
		{C864E721-0505-417A-B768-C87D28DE7FC8}.Release|Any CPU.Build.0 = Release|Any CPU
		{428514F7-4ACE-4346-8AFB-FC92405C11B4}.Debug|Any CPU.ActiveCfg = Debug|Any CPU
		{428514F7-4ACE-4346-8AFB-FC92405C11B4}.Debug|Any CPU.Build.0 = Debug|Any CPU
		{428514F7-4ACE-4346-8AFB-FC92405C11B4}.Release|Any CPU.ActiveCfg = Release|Any CPU
		{428514F7-4ACE-4346-8AFB-FC92405C11B4}.Release|Any CPU.Build.0 = Release|Any CPU
		{834BAAB8-BCA9-44DE-92BF-F72B10C0DED3}.Debug|Any CPU.ActiveCfg = Debug|Any CPU
		{834BAAB8-BCA9-44DE-92BF-F72B10C0DED3}.Debug|Any CPU.Build.0 = Debug|Any CPU
		{834BAAB8-BCA9-44DE-92BF-F72B10C0DED3}.Release|Any CPU.ActiveCfg = Release|Any CPU
		{834BAAB8-BCA9-44DE-92BF-F72B10C0DED3}.Release|Any CPU.Build.0 = Release|Any CPU
		{EC1029DE-335F-44ED-B0FE-58BA317276FD}.Debug|Any CPU.ActiveCfg = Debug|Any CPU
		{EC1029DE-335F-44ED-B0FE-58BA317276FD}.Debug|Any CPU.Build.0 = Debug|Any CPU
		{EC1029DE-335F-44ED-B0FE-58BA317276FD}.Release|Any CPU.ActiveCfg = Release|Any CPU
		{EC1029DE-335F-44ED-B0FE-58BA317276FD}.Release|Any CPU.Build.0 = Release|Any CPU
		{2AB9124B-F663-4004-8898-005ACA59B7B1}.Debug|Any CPU.ActiveCfg = Debug|Any CPU
		{2AB9124B-F663-4004-8898-005ACA59B7B1}.Debug|Any CPU.Build.0 = Debug|Any CPU
		{2AB9124B-F663-4004-8898-005ACA59B7B1}.Release|Any CPU.ActiveCfg = Release|Any CPU
		{2AB9124B-F663-4004-8898-005ACA59B7B1}.Release|Any CPU.Build.0 = Release|Any CPU
		{88E8FD60-9A25-4393-9424-83675896599A}.Debug|Any CPU.ActiveCfg = Debug|Any CPU
		{88E8FD60-9A25-4393-9424-83675896599A}.Debug|Any CPU.Build.0 = Debug|Any CPU
		{88E8FD60-9A25-4393-9424-83675896599A}.Release|Any CPU.ActiveCfg = Release|Any CPU
		{88E8FD60-9A25-4393-9424-83675896599A}.Release|Any CPU.Build.0 = Release|Any CPU
		{D827EEC5-7709-427F-8EF8-EA5C39BE3183}.Debug|Any CPU.ActiveCfg = Debug|Any CPU
		{D827EEC5-7709-427F-8EF8-EA5C39BE3183}.Debug|Any CPU.Build.0 = Debug|Any CPU
		{D827EEC5-7709-427F-8EF8-EA5C39BE3183}.Release|Any CPU.ActiveCfg = Release|Any CPU
		{D827EEC5-7709-427F-8EF8-EA5C39BE3183}.Release|Any CPU.Build.0 = Release|Any CPU
		{C0CD2C11-5A3D-4A2E-89B8-B08C28AAAE97}.Debug|Any CPU.ActiveCfg = Debug|Any CPU
		{C0CD2C11-5A3D-4A2E-89B8-B08C28AAAE97}.Debug|Any CPU.Build.0 = Debug|Any CPU
		{C0CD2C11-5A3D-4A2E-89B8-B08C28AAAE97}.Release|Any CPU.ActiveCfg = Release|Any CPU
		{C0CD2C11-5A3D-4A2E-89B8-B08C28AAAE97}.Release|Any CPU.Build.0 = Release|Any CPU
		{838AC74E-C4E0-4484-B729-73C2E8A853E5}.Debug|Any CPU.ActiveCfg = Debug|Any CPU
		{838AC74E-C4E0-4484-B729-73C2E8A853E5}.Debug|Any CPU.Build.0 = Debug|Any CPU
		{838AC74E-C4E0-4484-B729-73C2E8A853E5}.Release|Any CPU.ActiveCfg = Release|Any CPU
		{838AC74E-C4E0-4484-B729-73C2E8A853E5}.Release|Any CPU.Build.0 = Release|Any CPU
		{B289E79B-793D-4316-8F82-7143ACB1B42B}.Debug|Any CPU.ActiveCfg = Debug|Any CPU
		{B289E79B-793D-4316-8F82-7143ACB1B42B}.Debug|Any CPU.Build.0 = Debug|Any CPU
		{B289E79B-793D-4316-8F82-7143ACB1B42B}.Release|Any CPU.ActiveCfg = Release|Any CPU
		{B289E79B-793D-4316-8F82-7143ACB1B42B}.Release|Any CPU.Build.0 = Release|Any CPU
		{5691A0AF-CAB5-45C8-8FE8-C228A05CAF56}.Debug|Any CPU.ActiveCfg = Debug|Any CPU
		{5691A0AF-CAB5-45C8-8FE8-C228A05CAF56}.Debug|Any CPU.Build.0 = Debug|Any CPU
		{5691A0AF-CAB5-45C8-8FE8-C228A05CAF56}.Release|Any CPU.ActiveCfg = Release|Any CPU
		{5691A0AF-CAB5-45C8-8FE8-C228A05CAF56}.Release|Any CPU.Build.0 = Release|Any CPU
		{296F07B3-F067-4E03-9810-95B7641C9F64}.Debug|Any CPU.ActiveCfg = Debug|Any CPU
		{296F07B3-F067-4E03-9810-95B7641C9F64}.Debug|Any CPU.Build.0 = Debug|Any CPU
		{296F07B3-F067-4E03-9810-95B7641C9F64}.Release|Any CPU.ActiveCfg = Release|Any CPU
		{296F07B3-F067-4E03-9810-95B7641C9F64}.Release|Any CPU.Build.0 = Release|Any CPU
		{D929ED63-4C74-4015-9FCE-BB713B60E70E}.Debug|Any CPU.ActiveCfg = Debug|Any CPU
		{D929ED63-4C74-4015-9FCE-BB713B60E70E}.Debug|Any CPU.Build.0 = Debug|Any CPU
		{D929ED63-4C74-4015-9FCE-BB713B60E70E}.Release|Any CPU.ActiveCfg = Release|Any CPU
		{D929ED63-4C74-4015-9FCE-BB713B60E70E}.Release|Any CPU.Build.0 = Release|Any CPU
		{F323F6C5-87EA-4582-B52B-93B791932866}.Debug|Any CPU.ActiveCfg = Debug|Any CPU
		{F323F6C5-87EA-4582-B52B-93B791932866}.Debug|Any CPU.Build.0 = Debug|Any CPU
		{F323F6C5-87EA-4582-B52B-93B791932866}.Release|Any CPU.ActiveCfg = Release|Any CPU
		{F323F6C5-87EA-4582-B52B-93B791932866}.Release|Any CPU.Build.0 = Release|Any CPU
		{618AC6A1-C532-45F3-AFF8-A96ADE9EFD1C}.Debug|Any CPU.ActiveCfg = Debug|Any CPU
		{618AC6A1-C532-45F3-AFF8-A96ADE9EFD1C}.Debug|Any CPU.Build.0 = Debug|Any CPU
		{618AC6A1-C532-45F3-AFF8-A96ADE9EFD1C}.Release|Any CPU.ActiveCfg = Release|Any CPU
		{618AC6A1-C532-45F3-AFF8-A96ADE9EFD1C}.Release|Any CPU.Build.0 = Release|Any CPU
		{4F904E9B-9D4A-4AA7-A045-E7F11A3AEFC9}.Debug|Any CPU.ActiveCfg = Debug|Any CPU
		{4F904E9B-9D4A-4AA7-A045-E7F11A3AEFC9}.Debug|Any CPU.Build.0 = Debug|Any CPU
		{4F904E9B-9D4A-4AA7-A045-E7F11A3AEFC9}.Release|Any CPU.ActiveCfg = Release|Any CPU
		{4F904E9B-9D4A-4AA7-A045-E7F11A3AEFC9}.Release|Any CPU.Build.0 = Release|Any CPU
		{76482639-B20E-4B24-9778-0676B3934EE5}.Debug|Any CPU.ActiveCfg = Debug|Any CPU
		{76482639-B20E-4B24-9778-0676B3934EE5}.Debug|Any CPU.Build.0 = Debug|Any CPU
		{76482639-B20E-4B24-9778-0676B3934EE5}.Release|Any CPU.ActiveCfg = Release|Any CPU
		{76482639-B20E-4B24-9778-0676B3934EE5}.Release|Any CPU.Build.0 = Release|Any CPU
		{25A32C13-88ED-412F-9BBA-BE73B9840251}.Debug|Any CPU.ActiveCfg = Debug|Any CPU
		{25A32C13-88ED-412F-9BBA-BE73B9840251}.Debug|Any CPU.Build.0 = Debug|Any CPU
		{25A32C13-88ED-412F-9BBA-BE73B9840251}.Release|Any CPU.ActiveCfg = Release|Any CPU
		{25A32C13-88ED-412F-9BBA-BE73B9840251}.Release|Any CPU.Build.0 = Release|Any CPU
		{8CFE8A68-803A-40BB-8B85-3927E92021A5}.Debug|Any CPU.ActiveCfg = Debug|Any CPU
		{8CFE8A68-803A-40BB-8B85-3927E92021A5}.Debug|Any CPU.Build.0 = Debug|Any CPU
		{8CFE8A68-803A-40BB-8B85-3927E92021A5}.Release|Any CPU.ActiveCfg = Release|Any CPU
		{8CFE8A68-803A-40BB-8B85-3927E92021A5}.Release|Any CPU.Build.0 = Release|Any CPU
	EndGlobalSection
	GlobalSection(SolutionProperties) = preSolution
		HideSolutionNode = FALSE
	EndGlobalSection
	GlobalSection(NestedProjects) = preSolution
		{62885B61-1CEC-46F4-ABAF-58630FB461E5} = {8AAE8EEE-AC33-4E8F-A707-384753A2DFC9}
		{886C2B81-023C-4227-B881-1968202745DE} = {D7BBE3BA-F521-4E5A-8E6C-4A7AB45652D2}
		{8AAE8EEE-AC33-4E8F-A707-384753A2DFC9} = {CEB89282-BFCA-41E9-BA38-D5057EE42549}
		{D7BBE3BA-F521-4E5A-8E6C-4A7AB45652D2} = {CEB89282-BFCA-41E9-BA38-D5057EE42549}
		{2990AE43-0F74-4CB2-9556-16BA59F6EDB3} = {8AAE8EEE-AC33-4E8F-A707-384753A2DFC9}
		{EE122E58-CD32-4D46-BB34-56982F0AC60E} = {FF2098D2-D9C9-4D9C-B037-6ED5D63F659D}
		{5B3FDCEF-1AF2-4D1C-B373-55B0A4B7FCB1} = {FF2098D2-D9C9-4D9C-B037-6ED5D63F659D}
		{3A88D233-8B33-44EA-BF25-F3966A500B38} = {EE122E58-CD32-4D46-BB34-56982F0AC60E}
		{F8FF6902-4830-4F78-890C-4B050E738FFB} = {5B3FDCEF-1AF2-4D1C-B373-55B0A4B7FCB1}
		{A29F19C6-61AD-4C85-87BA-EC4D808AE62B} = {5B3FDCEF-1AF2-4D1C-B373-55B0A4B7FCB1}
		{13F0D223-3AB3-476B-A606-BE5192ACD5BA} = {F8FF6902-4830-4F78-890C-4B050E738FFB}
		{7DBD1AD7-0C04-4DC4-88FF-6C10869AEEB9} = {A29F19C6-61AD-4C85-87BA-EC4D808AE62B}
		{74DC3B68-76C7-49AF-99B3-FD73223D68A1} = {76AED222-509A-48FF-B3D2-3572FCBE2908}
		{23E16E30-E3DF-489D-99FA-F7C680921EC3} = {76AED222-509A-48FF-B3D2-3572FCBE2908}
		{E21B55EB-F068-402A-BC42-1D7A71F917B0} = {76AED222-509A-48FF-B3D2-3572FCBE2908}
		{3F4D52F6-54E5-47F9-9521-6351BEC4B5A1} = {E21B55EB-F068-402A-BC42-1D7A71F917B0}
		{E9219C24-9667-4840-A44C-B7A309498130} = {E21B55EB-F068-402A-BC42-1D7A71F917B0}
		{1C8A4216-AB0D-40A7-9F35-A31AFC3FA4F2} = {E21B55EB-F068-402A-BC42-1D7A71F917B0}
		{C864E721-0505-417A-B768-C87D28DE7FC8} = {E21B55EB-F068-402A-BC42-1D7A71F917B0}
		{BB47C77A-87F9-4709-A1C6-2C7917233561} = {76AED222-509A-48FF-B3D2-3572FCBE2908}
		{428514F7-4ACE-4346-8AFB-FC92405C11B4} = {BB47C77A-87F9-4709-A1C6-2C7917233561}
		{834BAAB8-BCA9-44DE-92BF-F72B10C0DED3} = {BB47C77A-87F9-4709-A1C6-2C7917233561}
		{EC1029DE-335F-44ED-B0FE-58BA317276FD} = {E21B55EB-F068-402A-BC42-1D7A71F917B0}
		{2AB9124B-F663-4004-8898-005ACA59B7B1} = {E21B55EB-F068-402A-BC42-1D7A71F917B0}
		{88E8FD60-9A25-4393-9424-83675896599A} = {E21B55EB-F068-402A-BC42-1D7A71F917B0}
		{D827EEC5-7709-427F-8EF8-EA5C39BE3183} = {92C4918D-A820-4618-AAC2-FC617627369B}
		{C0CD2C11-5A3D-4A2E-89B8-B08C28AAAE97} = {92C4918D-A820-4618-AAC2-FC617627369B}
		{838AC74E-C4E0-4484-B729-73C2E8A853E5} = {92C4918D-A820-4618-AAC2-FC617627369B}
		{B289E79B-793D-4316-8F82-7143ACB1B42B} = {76AED222-509A-48FF-B3D2-3572FCBE2908}
		{5691A0AF-CAB5-45C8-8FE8-C228A05CAF56} = {76AED222-509A-48FF-B3D2-3572FCBE2908}
		{296F07B3-F067-4E03-9810-95B7641C9F64} = {92C4918D-A820-4618-AAC2-FC617627369B}
		{D929ED63-4C74-4015-9FCE-BB713B60E70E} = {92C4918D-A820-4618-AAC2-FC617627369B}
		{F323F6C5-87EA-4582-B52B-93B791932866} = {D13D120C-0FCE-44C2-9910-193A386C337A}
		{618AC6A1-C532-45F3-AFF8-A96ADE9EFD1C} = {63841C2D-5391-4CBB-BF05-71D5A8F78221}
		{809ABABD-C66A-45AB-837B-F1A79C7010E5} = {F5441EA6-14DD-4B9B-8D30-9AA55E8F9ACC}
		{E5D478A2-B171-4C86-A330-EABBA573193D} = {F5441EA6-14DD-4B9B-8D30-9AA55E8F9ACC}
		{4F904E9B-9D4A-4AA7-A045-E7F11A3AEFC9} = {809ABABD-C66A-45AB-837B-F1A79C7010E5}
		{76482639-B20E-4B24-9778-0676B3934EE5} = {E5D478A2-B171-4C86-A330-EABBA573193D}
		{25A32C13-88ED-412F-9BBA-BE73B9840251} = {FCDC05CE-3A39-4B18-B339-B6AB142804B3}
		{8CFE8A68-803A-40BB-8B85-3927E92021A5} = {FCDC05CE-3A39-4B18-B339-B6AB142804B3}
	EndGlobalSection
	GlobalSection(ExtensibilityGlobals) = postSolution
		SolutionGuid = {BCA26B52-FADC-4BAB-AFC6-D3427FC75906}
	EndGlobalSection
EndGlobal
