
Microsoft Visual Studio Solution File, Format Version 12.00
# Visual Studio Version 17
VisualStudioVersion = 17.4.33213.308
MinimumVisualStudioVersion = 10.0.40219.1
Project("{FAE04EC0-301F-11D3-BF4B-00C04F79EFBC}") = "HelloWorld", "HelloWorld\HelloWorld.csproj", "{24A43E93-7F3E-4FEB-92C0-540AF7055123}"
EndProject
Project("{FAE04EC0-301F-11D3-BF4B-00C04F79EFBC}") = "Lab1", "Lab1\Lab1.csproj", "{1056E37E-6653-4B18-8E3E-A281959058CE}"
EndProject
Project("{FAE04EC0-301F-11D3-BF4B-00C04F79EFBC}") = "ConsoleApp11", "ConsoleApp11\ConsoleApp11.csproj", "{20D1CFA0-0931-4FE5-895A-AD0CF3A39CDF}"
EndProject
Project("{FAE04EC0-301F-11D3-BF4B-00C04F79EFBC}") = "Lab12", "Lab12\Lab12.csproj", "{194F5151-07C7-46BF-A918-89D5F09FA19E}"
EndProject
Project("{FAE04EC0-301F-11D3-BF4B-00C04F79EFBC}") = "Lab13", "Lab13\Lab13.csproj", "{C6E82230-4A6D-4D4B-9AC4-03058776A597}"
EndProject
Project("{FAE04EC0-301F-11D3-BF4B-00C04F79EFBC}") = "SimpleCalculator.ConsoleApp", "SimpleCalculator.ConsoleApp\SimpleCalculator.ConsoleApp.csproj", "{62885B61-1CEC-46F4-ABAF-58630FB461E5}"
EndProject
Project("{FAE04EC0-301F-11D3-BF4B-00C04F79EFBC}") = "SimpleCalculator.Business", "SimpleCalculator.Business\SimpleCalculator.Business.csproj", "{886C2B81-023C-4227-B881-1968202745DE}"
EndProject
Project("{2150E333-8FDC-42A3-9474-1A3956D46DE8}") = "SimpleCalculatorApp", "SimpleCalculatorApp", "{CEB89282-BFCA-41E9-BA38-D5057EE42549}"
EndProject
Project("{2150E333-8FDC-42A3-9474-1A3956D46DE8}") = "PresentationLayer", "PresentationLayer", "{8AAE8EEE-AC33-4E8F-A707-384753A2DFC9}"
EndProject
Project("{2150E333-8FDC-42A3-9474-1A3956D46DE8}") = "BusinessLayer", "BusinessLayer", "{D7BBE3BA-F521-4E5A-8E6C-4A7AB45652D2}"
EndProject
Project("{FAE04EC0-301F-11D3-BF4B-00C04F79EFBC}") = "SimpleCalculator.WindowsFormsApp", "SimpleCalculator.WindowsFormsApp\SimpleCalculator.WindowsFormsApp.csproj", "{2990AE43-0F74-4CB2-9556-16BA59F6EDB3}"
EndProject
Project("{2150E333-8FDC-42A3-9474-1A3956D46DE8}") = "StudentDetailsApp", "StudentDetailsApp", "{FF2098D2-D9C9-4D9C-B037-6ED5D63F659D}"
EndProject
Project("{2150E333-8FDC-42A3-9474-1A3956D46DE8}") = "Presentation", "Presentation", "{EE122E58-CD32-4D46-BB34-56982F0AC60E}"
EndProject
Project("{2150E333-8FDC-42A3-9474-1A3956D46DE8}") = "Business", "Business", "{5B3FDCEF-1AF2-4D1C-B373-55B0A4B7FCB1}"
EndProject
Project("{FAE04EC0-301F-11D3-BF4B-00C04F79EFBC}") = "StudentDetails.Presentation", "StudentDetails.Presentation\StudentDetails.Presentation.csproj", "{3A88D233-8B33-44EA-BF25-F3966A500B38}"
EndProject
Project("{2150E333-8FDC-42A3-9474-1A3956D46DE8}") = "Interfaces", "Interfaces", "{F8FF6902-4830-4F78-890C-4B050E738FFB}"
EndProject
Project("{2150E333-8FDC-42A3-9474-1A3956D46DE8}") = "Classes", "Classes", "{A29F19C6-61AD-4C85-87BA-EC4D808AE62B}"
EndProject
Project("{FAE04EC0-301F-11D3-BF4B-00C04F79EFBC}") = "RankInt", "RankInt\RankInt.csproj", "{13F0D223-3AB3-476B-A606-BE5192ACD5BA}"
EndProject
Project("{FAE04EC0-301F-11D3-BF4B-00C04F79EFBC}") = "Ranker", "FindSum\Ranker.csproj", "{7DBD1AD7-0C04-4DC4-88FF-6C10869AEEB9}"
EndProject
Project("{2150E333-8FDC-42A3-9474-1A3956D46DE8}") = "OOCode", "OOCode", "{76AED222-509A-48FF-B3D2-3572FCBE2908}"
EndProject
Project("{FAE04EC0-301F-11D3-BF4B-00C04F79EFBC}") = "OOCode1", "OOCode1\OOCode1.csproj", "{74DC3B68-76C7-49AF-99B3-FD73223D68A1}"
EndProject
Project("{FAE04EC0-301F-11D3-BF4B-00C04F79EFBC}") = "HelloWorld1", "HelloWorld1\HelloWorld1.csproj", "{23E16E30-E3DF-489D-99FA-F7C680921EC3}"
EndProject
Project("{2150E333-8FDC-42A3-9474-1A3956D46DE8}") = "UML to Code", "UML to Code", "{E21B55EB-F068-402A-BC42-1D7A71F917B0}"
EndProject
Project("{FAE04EC0-301F-11D3-BF4B-00C04F79EFBC}") = "TrainingAppProblem", "TrainingAppProblem\TrainingAppProblem.csproj", "{3F4D52F6-54E5-47F9-9521-6351BEC4B5A1}"
EndProject
Project("{FAE04EC0-301F-11D3-BF4B-00C04F79EFBC}") = "CompanyOrders", "CompanyOrders\CompanyOrders.csproj", "{E9219C24-9667-4840-A44C-B7A309498130}"
EndProject
Project("{FAE04EC0-301F-11D3-BF4B-00C04F79EFBC}") = "Company_Assessment", "Company_Assessment\Company_Assessment.csproj", "{1C8A4216-AB0D-40A7-9F35-A31AFC3FA4F2}"
EndProject
Project("{FAE04EC0-301F-11D3-BF4B-00C04F79EFBC}") = "SkillAssure", "SkillAssure\SkillAssure.csproj", "{C864E721-0505-417A-B768-C87D28DE7FC8}"
EndProject
Project("{2150E333-8FDC-42A3-9474-1A3956D46DE8}") = "OO", "OO", "{BB47C77A-87F9-4709-A1C6-2C7917233561}"
EndProject
Project("{FAE04EC0-301F-11D3-BF4B-00C04F79EFBC}") = "Demo", "Demo\Demo.csproj", "{428514F7-4ACE-4346-8AFB-FC92405C11B4}"
EndProject
Project("{FAE04EC0-301F-11D3-BF4B-00C04F79EFBC}") = "Languages", "Languages\Languages.csproj", "{834BAAB8-BCA9-44DE-92BF-F72B10C0DED3}"
EndProject
Project("{FAE04EC0-301F-11D3-BF4B-00C04F79EFBC}") = "OOExercise", "OOExercise\OOExercise.csproj", "{EC1029DE-335F-44ED-B0FE-58BA317276FD}"
EndProject
Project("{FAE04EC0-301F-11D3-BF4B-00C04F79EFBC}") = "Hospital", "Hospital\Hospital.csproj", "{2AB9124B-F663-4004-8898-005ACA59B7B1}"
EndProject
Project("{FAE04EC0-301F-11D3-BF4B-00C04F79EFBC}") = "BankSuccess", "BankSuccess\BankSuccess.csproj", "{88E8FD60-9A25-4393-9424-83675896599A}"
EndProject
Project("{2150E333-8FDC-42A3-9474-1A3956D46DE8}") = "Collections", "Collections", "{92C4918D-A820-4618-AAC2-FC617627369B}"
EndProject
Project("{FAE04EC0-301F-11D3-BF4B-00C04F79EFBC}") = "CollectionsDemo1", "CollectionsDemo1\CollectionsDemo1.csproj", "{D827EEC5-7709-427F-8EF8-EA5C39BE3183}"
EndProject
Project("{FAE04EC0-301F-11D3-BF4B-00C04F79EFBC}") = "CollectionsDemo2", "CollectionsDemo2\CollectionsDemo2.csproj", "{C0CD2C11-5A3D-4A2E-89B8-B08C28AAAE97}"
EndProject
Project("{FAE04EC0-301F-11D3-BF4B-00C04F79EFBC}") = "CollectionsDemo3", "CollectionsDemo3\CollectionsDemo3.csproj", "{838AC74E-C4E0-4484-B729-73C2E8A853E5}"
EndProject
Project("{FAE04EC0-301F-11D3-BF4B-00C04F79EFBC}") = "PointOfSale", "PointOfSale\PointOfSale.csproj", "{B289E79B-793D-4316-8F82-7143ACB1B42B}"
EndProject
Project("{FAE04EC0-301F-11D3-BF4B-00C04F79EFBC}") = "MembershipApp", "MembershipApp\MembershipApp.csproj", "{5691A0AF-CAB5-45C8-8FE8-C228A05CAF56}"
EndProject
Project("{FAE04EC0-301F-11D3-BF4B-00C04F79EFBC}") = "CollectionsExercise", "CollectionsExercise\CollectionsExercise.csproj", "{296F07B3-F067-4E03-9810-95B7641C9F64}"
EndProject
Project("{FAE04EC0-301F-11D3-BF4B-00C04F79EFBC}") = "ComputerKiosk", "ComputerKiosk\ComputerKiosk.csproj", "{D929ED63-4C74-4015-9FCE-BB713B60E70E}"
EndProject
Project("{2150E333-8FDC-42A3-9474-1A3956D46DE8}") = "ExceptionHandling", "ExceptionHandling", "{D13D120C-0FCE-44C2-9910-193A386C337A}"
EndProject
Project("{FAE04EC0-301F-11D3-BF4B-00C04F79EFBC}") = "ExceptionDemo1", "ExceptionDemo1\ExceptionDemo1.csproj", "{F323F6C5-87EA-4582-B52B-93B791932866}"
EndProject
Project("{2150E333-8FDC-42A3-9474-1A3956D46DE8}") = "FileIO", "FileIO", "{63841C2D-5391-4CBB-BF05-71D5A8F78221}"
EndProject
Project("{FAE04EC0-301F-11D3-BF4B-00C04F79EFBC}") = "FileDemo1", "FileDemo1\FileDemo1.csproj", "{618AC6A1-C532-45F3-AFF8-A96ADE9EFD1C}"
EndProject
Project("{2150E333-8FDC-42A3-9474-1A3956D46DE8}") = "ContactManager", "ContactManager", "{F5441EA6-14DD-4B9B-8D30-9AA55E8F9ACC}"
EndProject
Project("{2150E333-8FDC-42A3-9474-1A3956D46DE8}") = "Presentation Layer", "Presentation Layer", "{809ABABD-C66A-45AB-837B-F1A79C7010E5}"
EndProject
Project("{2150E333-8FDC-42A3-9474-1A3956D46DE8}") = "Data Layer", "Data Layer", "{E5D478A2-B171-4C86-A330-EABBA573193D}"
EndProject
Project("{FAE04EC0-301F-11D3-BF4B-00C04F79EFBC}") = "ContactManager.ConsoleApp", "ContactManager.ConsoleApp\ContactManager.ConsoleApp.csproj", "{4F904E9B-9D4A-4AA7-A045-E7F11A3AEFC9}"
EndProject
Project("{FAE04EC0-301F-11D3-BF4B-00C04F79EFBC}") = "ContactManager.DataAccess", "ContactManager.DataAccess\ContactManager.DataAccess.csproj", "{76482639-B20E-4B24-9778-0676B3934EE5}"
EndProject
Project("{2150E333-8FDC-42A3-9474-1A3956D46DE8}") = "Delegates and Events", "Delegates and Events", "{FCDC05CE-3A39-4B18-B339-B6AB142804B3}"
EndProject
Project("{FAE04EC0-301F-11D3-BF4B-00C04F79EFBC}") = "DelegateDemo1", "DelegateDemo1\DelegateDemo1.csproj", "{25A32C13-88ED-412F-9BBA-BE73B9840251}"
EndProject
Project("{FAE04EC0-301F-11D3-BF4B-00C04F79EFBC}") = "DelegateDemo2", "DelegateDemo2\DelegateDemo2.csproj", "{8CFE8A68-803A-40BB-8B85-3927E92021A5}"
EndProject
Project("{FAE04EC0-301F-11D3-BF4B-00C04F79EFBC}") = "LambdasDemo1", "LambdasDemo1\LambdasDemo1.csproj", "{9FA8299F-47B8-4D6E-AB27-DF28028B6A57}"
EndProject
Project("{FAE04EC0-301F-11D3-BF4B-00C04F79EFBC}") = "DelegatesDemo3", "DelegatesDemo3\DelegatesDemo3.csproj", "{597C3A8D-8B20-43BC-9CDC-231DA2684539}"
EndProject
Project("{FAE04EC0-301F-11D3-BF4B-00C04F79EFBC}") = "DelegateLab", "DelegateLab\DelegateLab.csproj", "{4E7023E4-3356-4D18-85E2-5E38E8BC6E89}"
EndProject
Project("{FAE04EC0-301F-11D3-BF4B-00C04F79EFBC}") = "FileIOLab", "FileIOLab\FileIOLab.csproj", "{F455B1BC-9B3F-453F-86BC-1F6DAB47A377}"
EndProject
Project("{FAE04EC0-301F-11D3-BF4B-00C04F79EFBC}") = "FileIOAssignment", "FileIOAssignment\FileIOAssignment.csproj", "{C584D1A3-1B26-4F9B-AA28-68D45363B717}"
EndProject
Project("{FAE04EC0-301F-11D3-BF4B-00C04F79EFBC}") = "ExceptionLabs", "ExceptionLabs\ExceptionLabs.csproj", "{C91F7DF9-637E-428F-BB9D-0FE7D751777E}"
EndProject
Project("{FAE04EC0-301F-11D3-BF4B-00C04F79EFBC}") = "ExceptionExercises", "ExceptionExercises\ExceptionExercises.csproj", "{49DA74F8-F9C7-42DC-8501-B188BE1AA544}"
EndProject
Project("{2150E333-8FDC-42A3-9474-1A3956D46DE8}") = "Unit Testing", "Unit Testing", "{F507B9CC-42B2-45B2-B0EC-CC72C719D08F}"
EndProject
Project("{FAE04EC0-301F-11D3-BF4B-00C04F79EFBC}") = "SimpleCalculatorLibrary", "SimpleCalculator\SimpleCalculatorLibrary.csproj", "{65F8A55E-4F39-4C36-BC35-EDE0D117EB3C}"
EndProject
Project("{FAE04EC0-301F-11D3-BF4B-00C04F79EFBC}") = "SimpleCalculator.UnitTest", "SimpleCalculator.UnitTest\SimpleCalculator.UnitTest.csproj", "{4D23D743-CFFA-4FF9-AE65-12DD71199A67}"
EndProject
Project("{FAE04EC0-301F-11D3-BF4B-00C04F79EFBC}") = "SimpleCalculator.DataAccessLibrary", "SimpleCalculator.DataAccessLibrary\SimpleCalculator.DataAccessLibrary.csproj", "{A7F268A3-DC60-4884-A4B7-6A9FA7986502}"
EndProject
Project("{2150E333-8FDC-42A3-9474-1A3956D46DE8}") = "BankApp", "BankApp", "{6F395E74-D985-43A4-9A82-8E720D13D82E}"
EndProject
Project("{2150E333-8FDC-42A3-9474-1A3956D46DE8}") = "Test", "Test", "{D78DB6D0-40D3-40F8-9891-F355EF5595FB}"
EndProject
Project("{2150E333-8FDC-42A3-9474-1A3956D46DE8}") = "Domain", "Domain", "{2A2EEBBB-45EC-4AB7-8CEF-FE6AB1292143}"
EndProject
Project("{FAE04EC0-301F-11D3-BF4B-00C04F79EFBC}") = "BankApp.Domain", "BankApp.Domain\BankApp.Domain.csproj", "{8519AC8C-94B3-46CA-8FD7-A1FE49824801}"
EndProject
Project("{FAE04EC0-301F-11D3-BF4B-00C04F79EFBC}") = "Notification", "INotification\Notification.csproj", "{B8549A0E-4EE6-477D-BD13-52D0DF9F0F37}"
EndProject
Project("{2150E333-8FDC-42A3-9474-1A3956D46DE8}") = "DAl", "DAl", "{936610ED-669E-451D-8B5D-6E1A6C63AE44}"
EndProject
Project("{FAE04EC0-301F-11D3-BF4B-00C04F79EFBC}") = "BankApp.Data", "BankApp.Data\BankApp.Data.csproj", "{BBD28389-50FF-4578-97DE-D447B70D47BE}"
EndProject
Project("{FAE04EC0-301F-11D3-BF4B-00C04F79EFBC}") = "BankApp.Test", "BankApp.Test\BankApp.Test.csproj", "{0283853F-7BBE-4BE3-9047-9D99DE1CCC78}"
EndProject
Project("{2150E333-8FDC-42A3-9474-1A3956D46DE8}") = "Notifications", "Notifications", "{4D16C399-D6E3-4C40-B3A4-3D8237AA8A37}"
EndProject
Project("{2150E333-8FDC-42A3-9474-1A3956D46DE8}") = "MultiThreading", "MultiThreading", "{89460BEC-2658-4F42-B76A-AE3E99ECCDC6}"
EndProject
Project("{FAE04EC0-301F-11D3-BF4B-00C04F79EFBC}") = "MtDemo1", "MtDemo1\MtDemo1.csproj", "{F6D6BFF6-9F12-4208-9D46-5D6254A1B298}"
EndProject
Project("{2150E333-8FDC-42A3-9474-1A3956D46DE8}") = "recommender", "recommender", "{CF3C300E-008A-4847-BFF2-9BDE06DB3FD2}"
EndProject
Project("{FAE04EC0-301F-11D3-BF4B-00C04F79EFBC}") = "Recommender.Domain", "Recommender.Domain\Recommender.Domain.csproj", "{B67267CB-1C67-4FFA-987C-E4D9509A7A3C}"
EndProject
Project("{FAE04EC0-301F-11D3-BF4B-00C04F79EFBC}") = "MTDemo2", "ConsoleApp1\MTDemo2.csproj", "{7E317200-807A-4E14-B518-2B484D3ED76F}"
EndProject
Project("{FAE04EC0-301F-11D3-BF4B-00C04F79EFBC}") = "MtDemo3", "MtDemo3\MtDemo3.csproj", "{AA768303-21BB-4838-AE24-0DEF701DB038}"
EndProject
Project("{FAE04EC0-301F-11D3-BF4B-00C04F79EFBC}") = "MtDemo4", "MtDemo4\MtDemo4.csproj", "{95808CA7-834B-4211-BA8E-D08D73F895A2}"
EndProject
Project("{FAE04EC0-301F-11D3-BF4B-00C04F79EFBC}") = "MtDemo5", "MtDemo5\MtDemo5.csproj", "{74E2BD79-5F9D-47F0-A5CA-17D1C3939E13}"
EndProject
Project("{FAE04EC0-301F-11D3-BF4B-00C04F79EFBC}") = "MtDemo6", "MtDemo6\MtDemo6.csproj", "{271285F5-B144-4903-A4D5-CF9484FE13EC}"
EndProject
Project("{FAE04EC0-301F-11D3-BF4B-00C04F79EFBC}") = "MtDemo7", "MtDemo7\MtDemo7.csproj", "{284CA750-582E-4B62-B2EE-27352F71B8C3}"
EndProject
Project("{2150E333-8FDC-42A3-9474-1A3956D46DE8}") = "SpellChecker", "SpellChecker", "{99D5AD71-2C1C-4C8E-9836-AFA56E125995}"
EndProject
Project("{2150E333-8FDC-42A3-9474-1A3956D46DE8}") = "SpellChecker.UI", "SpellChecker.UI", "{B0F379DE-4E9A-45A4-ACC2-52B2306BE0A3}"
EndProject
Project("{2150E333-8FDC-42A3-9474-1A3956D46DE8}") = "SpellChecker.Domain", "SpellChecker.Domain", "{AF27F009-6B26-41B5-B05B-32057AA2AB2B}"
EndProject
Project("{2150E333-8FDC-42A3-9474-1A3956D46DE8}") = "SpellChecker.DataAccess", "SpellChecker.DataAccess", "{97024136-E6ED-4A46-9CF8-F84C1FBCDC72}"
EndProject
Project("{FAE04EC0-301F-11D3-BF4B-00C04F79EFBC}") = "SpellChecker.FileAccess", "SpellChecker.FileAccess\SpellChecker.FileAccess.csproj", "{B4E81F00-9ECB-407F-A171-5F5727C2D325}"
EndProject
Project("{FAE04EC0-301F-11D3-BF4B-00C04F79EFBC}") = "SpellChecker.ConsoleApp", "SpellChecker.ConsoleApp\SpellChecker.ConsoleApp.csproj", "{4A49F2D2-BD16-43FF-AC2C-B4F1CC7997D4}"
EndProject
Project("{FAE04EC0-301F-11D3-BF4B-00C04F79EFBC}") = "SpellChecker.Checker", "SpellChecker.Checker\SpellChecker.Checker.csproj", "{DC155FD7-B9AC-41AF-8E0E-99A65A21C4BF}"
EndProject
Project("{FAE04EC0-301F-11D3-BF4B-00C04F79EFBC}") = "recommender.UI", "recommender.UI\recommender.UI.csproj", "{68EB0B45-0A5B-4D1F-B48B-1C52286EFAA6}"
EndProject
Project("{2150E333-8FDC-42A3-9474-1A3956D46DE8}") = "Case Study", "Case Study", "{53726962-7001-4E38-8C50-B9956D55499D}"
EndProject
Project("{2150E333-8FDC-42A3-9474-1A3956D46DE8}") = "Recommendation Case Study", "Recommendation Case Study", "{A5B58552-6DBD-48ED-8478-A76EE67A86DF}"
EndProject
Project("{2150E333-8FDC-42A3-9474-1A3956D46DE8}") = "Module -1 Core Engine", "Module -1 Core Engine", "{0043E1CE-34EB-46CB-B9C0-6C902ACEEDCE}"
EndProject
Project("{FAE04EC0-301F-11D3-BF4B-00C04F79EFBC}") = "AIRecommendationEngine.CoreRecommender", "AIRecommendationEngine.CoreRecommender\AIRecommendationEngine.CoreRecommender.csproj", "{08062EE0-835D-40DD-9FA8-C7E54D4AD38A}"
EndProject
Project("{FAE04EC0-301F-11D3-BF4B-00C04F79EFBC}") = "Recommender.UnitTest", "Recommender.UnitTest\Recommender.UnitTest.csproj", "{05C0B241-86C7-433D-81AC-B76CCA06A31B}"
EndProject
Project("{2150E333-8FDC-42A3-9474-1A3956D46DE8}") = "Module -2 DataLoader", "Module -2 DataLoader", "{AFA2F63E-8618-4A0A-811E-1545AC6A97E2}"
EndProject
Project("{FAE04EC0-301F-11D3-BF4B-00C04F79EFBC}") = "AIRecommendationEngine.Loader", "AIRecommendationEngine.Loader\AIRecommendationEngine.Loader.csproj", "{82F1A75E-455E-423B-9A04-98566605F75D}"
EndProject
Project("{2150E333-8FDC-42A3-9474-1A3956D46DE8}") = "Module -3 Rating Aggregator", "Module -3 Rating Aggregator", "{9FBA0801-E0E4-4D59-8932-E8E3507C6E66}"
EndProject
Project("{FAE04EC0-301F-11D3-BF4B-00C04F79EFBC}") = "AIRecommendationEngine.RatingAggregator", "AIRecommendationEngine.RatingAggregator\AIRecommendationEngine.RatingAggregator.csproj", "{F95DCF77-B7D3-4055-8295-FC58414096B7}"
EndProject
Project("{2150E333-8FDC-42A3-9474-1A3956D46DE8}") = "Common Module", "Common Module", "{9E539343-B9EE-4EC5-ADD0-6AD2B0E18F19}"
EndProject
Project("{FAE04EC0-301F-11D3-BF4B-00C04F79EFBC}") = "AIRecommendationEngine.Common", "AIRecommendationEngine.Common\AIRecommendationEngine.Common.csproj", "{1BDD803C-B601-4DA6-901F-76A27A93ADEA}"
EndProject
Project("{FAE04EC0-301F-11D3-BF4B-00C04F79EFBC}") = "DataLoaderTest", "DataLoaderTest\DataLoaderTest.csproj", "{71EBD30D-737D-4731-BF1B-54F2A96F6EA8}"
EndProject
Project("{FAE04EC0-301F-11D3-BF4B-00C04F79EFBC}") = "AIRecommendatioEngine.RatingAggregatorTest", "AIRecommendatioEngine.RatingAggregatorTest\AIRecommendatioEngine.RatingAggregatorTest.csproj", "{D9D39D36-D494-462C-A593-5340F3F2903E}"
EndProject
Project("{2150E333-8FDC-42A3-9474-1A3956D46DE8}") = "Module -4 Integrator", "Module -4 Integrator", "{2FDBA225-B8C0-4E2A-B512-C15B931925D6}"
EndProject
Project("{2150E333-8FDC-42A3-9474-1A3956D46DE8}") = "Client UI", "Client UI", "{94CBADB7-52C9-4937-BD3F-1AE74778EC17}"
EndProject
Project("{FAE04EC0-301F-11D3-BF4B-00C04F79EFBC}") = "AIRecommendationEngine.Integrator", "AIRecommendationEngine\AIRecommendationEngine.Integrator.csproj", "{9F0B7EB2-BA41-4C8D-A265-E931D137482D}"
EndProject
Project("{FAE04EC0-301F-11D3-BF4B-00C04F79EFBC}") = "AIRecommendationEngine.ConsoleApp", "AIRecommendationEngine.ConsoleApp\AIRecommendationEngine.ConsoleApp.csproj", "{2BC36430-4685-40BF-9CB4-D4DEF3DD1F5C}"
EndProject
Global
	GlobalSection(SolutionConfigurationPlatforms) = preSolution
		Debug|Any CPU = Debug|Any CPU
		Release|Any CPU = Release|Any CPU
	EndGlobalSection
	GlobalSection(ProjectConfigurationPlatforms) = postSolution
		{24A43E93-7F3E-4FEB-92C0-540AF7055123}.Debug|Any CPU.ActiveCfg = Debug|Any CPU
		{24A43E93-7F3E-4FEB-92C0-540AF7055123}.Debug|Any CPU.Build.0 = Debug|Any CPU
		{24A43E93-7F3E-4FEB-92C0-540AF7055123}.Release|Any CPU.ActiveCfg = Release|Any CPU
		{24A43E93-7F3E-4FEB-92C0-540AF7055123}.Release|Any CPU.Build.0 = Release|Any CPU
		{1056E37E-6653-4B18-8E3E-A281959058CE}.Debug|Any CPU.ActiveCfg = Debug|Any CPU
		{1056E37E-6653-4B18-8E3E-A281959058CE}.Debug|Any CPU.Build.0 = Debug|Any CPU
		{1056E37E-6653-4B18-8E3E-A281959058CE}.Release|Any CPU.ActiveCfg = Release|Any CPU
		{1056E37E-6653-4B18-8E3E-A281959058CE}.Release|Any CPU.Build.0 = Release|Any CPU
		{20D1CFA0-0931-4FE5-895A-AD0CF3A39CDF}.Debug|Any CPU.ActiveCfg = Debug|Any CPU
		{20D1CFA0-0931-4FE5-895A-AD0CF3A39CDF}.Debug|Any CPU.Build.0 = Debug|Any CPU
		{20D1CFA0-0931-4FE5-895A-AD0CF3A39CDF}.Release|Any CPU.ActiveCfg = Release|Any CPU
		{20D1CFA0-0931-4FE5-895A-AD0CF3A39CDF}.Release|Any CPU.Build.0 = Release|Any CPU
		{194F5151-07C7-46BF-A918-89D5F09FA19E}.Debug|Any CPU.ActiveCfg = Debug|Any CPU
		{194F5151-07C7-46BF-A918-89D5F09FA19E}.Debug|Any CPU.Build.0 = Debug|Any CPU
		{194F5151-07C7-46BF-A918-89D5F09FA19E}.Release|Any CPU.ActiveCfg = Release|Any CPU
		{194F5151-07C7-46BF-A918-89D5F09FA19E}.Release|Any CPU.Build.0 = Release|Any CPU
		{C6E82230-4A6D-4D4B-9AC4-03058776A597}.Debug|Any CPU.ActiveCfg = Debug|Any CPU
		{C6E82230-4A6D-4D4B-9AC4-03058776A597}.Debug|Any CPU.Build.0 = Debug|Any CPU
		{C6E82230-4A6D-4D4B-9AC4-03058776A597}.Release|Any CPU.ActiveCfg = Release|Any CPU
		{C6E82230-4A6D-4D4B-9AC4-03058776A597}.Release|Any CPU.Build.0 = Release|Any CPU
		{62885B61-1CEC-46F4-ABAF-58630FB461E5}.Debug|Any CPU.ActiveCfg = Debug|Any CPU
		{62885B61-1CEC-46F4-ABAF-58630FB461E5}.Debug|Any CPU.Build.0 = Debug|Any CPU
		{62885B61-1CEC-46F4-ABAF-58630FB461E5}.Release|Any CPU.ActiveCfg = Release|Any CPU
		{62885B61-1CEC-46F4-ABAF-58630FB461E5}.Release|Any CPU.Build.0 = Release|Any CPU
		{886C2B81-023C-4227-B881-1968202745DE}.Debug|Any CPU.ActiveCfg = Debug|Any CPU
		{886C2B81-023C-4227-B881-1968202745DE}.Debug|Any CPU.Build.0 = Debug|Any CPU
		{886C2B81-023C-4227-B881-1968202745DE}.Release|Any CPU.ActiveCfg = Release|Any CPU
		{886C2B81-023C-4227-B881-1968202745DE}.Release|Any CPU.Build.0 = Release|Any CPU
		{2990AE43-0F74-4CB2-9556-16BA59F6EDB3}.Debug|Any CPU.ActiveCfg = Debug|Any CPU
		{2990AE43-0F74-4CB2-9556-16BA59F6EDB3}.Debug|Any CPU.Build.0 = Debug|Any CPU
		{2990AE43-0F74-4CB2-9556-16BA59F6EDB3}.Release|Any CPU.ActiveCfg = Release|Any CPU
		{2990AE43-0F74-4CB2-9556-16BA59F6EDB3}.Release|Any CPU.Build.0 = Release|Any CPU
		{3A88D233-8B33-44EA-BF25-F3966A500B38}.Debug|Any CPU.ActiveCfg = Debug|Any CPU
		{3A88D233-8B33-44EA-BF25-F3966A500B38}.Debug|Any CPU.Build.0 = Debug|Any CPU
		{3A88D233-8B33-44EA-BF25-F3966A500B38}.Release|Any CPU.ActiveCfg = Release|Any CPU
		{3A88D233-8B33-44EA-BF25-F3966A500B38}.Release|Any CPU.Build.0 = Release|Any CPU
		{13F0D223-3AB3-476B-A606-BE5192ACD5BA}.Debug|Any CPU.ActiveCfg = Debug|Any CPU
		{13F0D223-3AB3-476B-A606-BE5192ACD5BA}.Debug|Any CPU.Build.0 = Debug|Any CPU
		{13F0D223-3AB3-476B-A606-BE5192ACD5BA}.Release|Any CPU.ActiveCfg = Release|Any CPU
		{13F0D223-3AB3-476B-A606-BE5192ACD5BA}.Release|Any CPU.Build.0 = Release|Any CPU
		{7DBD1AD7-0C04-4DC4-88FF-6C10869AEEB9}.Debug|Any CPU.ActiveCfg = Debug|Any CPU
		{7DBD1AD7-0C04-4DC4-88FF-6C10869AEEB9}.Debug|Any CPU.Build.0 = Debug|Any CPU
		{7DBD1AD7-0C04-4DC4-88FF-6C10869AEEB9}.Release|Any CPU.ActiveCfg = Release|Any CPU
		{7DBD1AD7-0C04-4DC4-88FF-6C10869AEEB9}.Release|Any CPU.Build.0 = Release|Any CPU
		{74DC3B68-76C7-49AF-99B3-FD73223D68A1}.Debug|Any CPU.ActiveCfg = Debug|Any CPU
		{74DC3B68-76C7-49AF-99B3-FD73223D68A1}.Debug|Any CPU.Build.0 = Debug|Any CPU
		{74DC3B68-76C7-49AF-99B3-FD73223D68A1}.Release|Any CPU.ActiveCfg = Release|Any CPU
		{74DC3B68-76C7-49AF-99B3-FD73223D68A1}.Release|Any CPU.Build.0 = Release|Any CPU
		{23E16E30-E3DF-489D-99FA-F7C680921EC3}.Debug|Any CPU.ActiveCfg = Debug|Any CPU
		{23E16E30-E3DF-489D-99FA-F7C680921EC3}.Debug|Any CPU.Build.0 = Debug|Any CPU
		{23E16E30-E3DF-489D-99FA-F7C680921EC3}.Release|Any CPU.ActiveCfg = Release|Any CPU
		{23E16E30-E3DF-489D-99FA-F7C680921EC3}.Release|Any CPU.Build.0 = Release|Any CPU
		{3F4D52F6-54E5-47F9-9521-6351BEC4B5A1}.Debug|Any CPU.ActiveCfg = Debug|Any CPU
		{3F4D52F6-54E5-47F9-9521-6351BEC4B5A1}.Debug|Any CPU.Build.0 = Debug|Any CPU
		{3F4D52F6-54E5-47F9-9521-6351BEC4B5A1}.Release|Any CPU.ActiveCfg = Release|Any CPU
		{3F4D52F6-54E5-47F9-9521-6351BEC4B5A1}.Release|Any CPU.Build.0 = Release|Any CPU
		{E9219C24-9667-4840-A44C-B7A309498130}.Debug|Any CPU.ActiveCfg = Debug|Any CPU
		{E9219C24-9667-4840-A44C-B7A309498130}.Debug|Any CPU.Build.0 = Debug|Any CPU
		{E9219C24-9667-4840-A44C-B7A309498130}.Release|Any CPU.ActiveCfg = Release|Any CPU
		{E9219C24-9667-4840-A44C-B7A309498130}.Release|Any CPU.Build.0 = Release|Any CPU
		{1C8A4216-AB0D-40A7-9F35-A31AFC3FA4F2}.Debug|Any CPU.ActiveCfg = Debug|Any CPU
		{1C8A4216-AB0D-40A7-9F35-A31AFC3FA4F2}.Debug|Any CPU.Build.0 = Debug|Any CPU
		{1C8A4216-AB0D-40A7-9F35-A31AFC3FA4F2}.Release|Any CPU.ActiveCfg = Release|Any CPU
		{1C8A4216-AB0D-40A7-9F35-A31AFC3FA4F2}.Release|Any CPU.Build.0 = Release|Any CPU
		{C864E721-0505-417A-B768-C87D28DE7FC8}.Debug|Any CPU.ActiveCfg = Debug|Any CPU
		{C864E721-0505-417A-B768-C87D28DE7FC8}.Debug|Any CPU.Build.0 = Debug|Any CPU
		{C864E721-0505-417A-B768-C87D28DE7FC8}.Release|Any CPU.ActiveCfg = Release|Any CPU
		{C864E721-0505-417A-B768-C87D28DE7FC8}.Release|Any CPU.Build.0 = Release|Any CPU
		{428514F7-4ACE-4346-8AFB-FC92405C11B4}.Debug|Any CPU.ActiveCfg = Debug|Any CPU
		{428514F7-4ACE-4346-8AFB-FC92405C11B4}.Debug|Any CPU.Build.0 = Debug|Any CPU
		{428514F7-4ACE-4346-8AFB-FC92405C11B4}.Release|Any CPU.ActiveCfg = Release|Any CPU
		{428514F7-4ACE-4346-8AFB-FC92405C11B4}.Release|Any CPU.Build.0 = Release|Any CPU
		{834BAAB8-BCA9-44DE-92BF-F72B10C0DED3}.Debug|Any CPU.ActiveCfg = Debug|Any CPU
		{834BAAB8-BCA9-44DE-92BF-F72B10C0DED3}.Debug|Any CPU.Build.0 = Debug|Any CPU
		{834BAAB8-BCA9-44DE-92BF-F72B10C0DED3}.Release|Any CPU.ActiveCfg = Release|Any CPU
		{834BAAB8-BCA9-44DE-92BF-F72B10C0DED3}.Release|Any CPU.Build.0 = Release|Any CPU
		{EC1029DE-335F-44ED-B0FE-58BA317276FD}.Debug|Any CPU.ActiveCfg = Debug|Any CPU
		{EC1029DE-335F-44ED-B0FE-58BA317276FD}.Debug|Any CPU.Build.0 = Debug|Any CPU
		{EC1029DE-335F-44ED-B0FE-58BA317276FD}.Release|Any CPU.ActiveCfg = Release|Any CPU
		{EC1029DE-335F-44ED-B0FE-58BA317276FD}.Release|Any CPU.Build.0 = Release|Any CPU
		{2AB9124B-F663-4004-8898-005ACA59B7B1}.Debug|Any CPU.ActiveCfg = Debug|Any CPU
		{2AB9124B-F663-4004-8898-005ACA59B7B1}.Debug|Any CPU.Build.0 = Debug|Any CPU
		{2AB9124B-F663-4004-8898-005ACA59B7B1}.Release|Any CPU.ActiveCfg = Release|Any CPU
		{2AB9124B-F663-4004-8898-005ACA59B7B1}.Release|Any CPU.Build.0 = Release|Any CPU
		{88E8FD60-9A25-4393-9424-83675896599A}.Debug|Any CPU.ActiveCfg = Debug|Any CPU
		{88E8FD60-9A25-4393-9424-83675896599A}.Debug|Any CPU.Build.0 = Debug|Any CPU
		{88E8FD60-9A25-4393-9424-83675896599A}.Release|Any CPU.ActiveCfg = Release|Any CPU
		{88E8FD60-9A25-4393-9424-83675896599A}.Release|Any CPU.Build.0 = Release|Any CPU
		{D827EEC5-7709-427F-8EF8-EA5C39BE3183}.Debug|Any CPU.ActiveCfg = Debug|Any CPU
		{D827EEC5-7709-427F-8EF8-EA5C39BE3183}.Debug|Any CPU.Build.0 = Debug|Any CPU
		{D827EEC5-7709-427F-8EF8-EA5C39BE3183}.Release|Any CPU.ActiveCfg = Release|Any CPU
		{D827EEC5-7709-427F-8EF8-EA5C39BE3183}.Release|Any CPU.Build.0 = Release|Any CPU
		{C0CD2C11-5A3D-4A2E-89B8-B08C28AAAE97}.Debug|Any CPU.ActiveCfg = Debug|Any CPU
		{C0CD2C11-5A3D-4A2E-89B8-B08C28AAAE97}.Debug|Any CPU.Build.0 = Debug|Any CPU
		{C0CD2C11-5A3D-4A2E-89B8-B08C28AAAE97}.Release|Any CPU.ActiveCfg = Release|Any CPU
		{C0CD2C11-5A3D-4A2E-89B8-B08C28AAAE97}.Release|Any CPU.Build.0 = Release|Any CPU
		{838AC74E-C4E0-4484-B729-73C2E8A853E5}.Debug|Any CPU.ActiveCfg = Debug|Any CPU
		{838AC74E-C4E0-4484-B729-73C2E8A853E5}.Debug|Any CPU.Build.0 = Debug|Any CPU
		{838AC74E-C4E0-4484-B729-73C2E8A853E5}.Release|Any CPU.ActiveCfg = Release|Any CPU
		{838AC74E-C4E0-4484-B729-73C2E8A853E5}.Release|Any CPU.Build.0 = Release|Any CPU
		{B289E79B-793D-4316-8F82-7143ACB1B42B}.Debug|Any CPU.ActiveCfg = Debug|Any CPU
		{B289E79B-793D-4316-8F82-7143ACB1B42B}.Debug|Any CPU.Build.0 = Debug|Any CPU
		{B289E79B-793D-4316-8F82-7143ACB1B42B}.Release|Any CPU.ActiveCfg = Release|Any CPU
		{B289E79B-793D-4316-8F82-7143ACB1B42B}.Release|Any CPU.Build.0 = Release|Any CPU
		{5691A0AF-CAB5-45C8-8FE8-C228A05CAF56}.Debug|Any CPU.ActiveCfg = Debug|Any CPU
		{5691A0AF-CAB5-45C8-8FE8-C228A05CAF56}.Debug|Any CPU.Build.0 = Debug|Any CPU
		{5691A0AF-CAB5-45C8-8FE8-C228A05CAF56}.Release|Any CPU.ActiveCfg = Release|Any CPU
		{5691A0AF-CAB5-45C8-8FE8-C228A05CAF56}.Release|Any CPU.Build.0 = Release|Any CPU
		{296F07B3-F067-4E03-9810-95B7641C9F64}.Debug|Any CPU.ActiveCfg = Debug|Any CPU
		{296F07B3-F067-4E03-9810-95B7641C9F64}.Debug|Any CPU.Build.0 = Debug|Any CPU
		{296F07B3-F067-4E03-9810-95B7641C9F64}.Release|Any CPU.ActiveCfg = Release|Any CPU
		{296F07B3-F067-4E03-9810-95B7641C9F64}.Release|Any CPU.Build.0 = Release|Any CPU
		{D929ED63-4C74-4015-9FCE-BB713B60E70E}.Debug|Any CPU.ActiveCfg = Debug|Any CPU
		{D929ED63-4C74-4015-9FCE-BB713B60E70E}.Debug|Any CPU.Build.0 = Debug|Any CPU
		{D929ED63-4C74-4015-9FCE-BB713B60E70E}.Release|Any CPU.ActiveCfg = Release|Any CPU
		{D929ED63-4C74-4015-9FCE-BB713B60E70E}.Release|Any CPU.Build.0 = Release|Any CPU
		{F323F6C5-87EA-4582-B52B-93B791932866}.Debug|Any CPU.ActiveCfg = Debug|Any CPU
		{F323F6C5-87EA-4582-B52B-93B791932866}.Debug|Any CPU.Build.0 = Debug|Any CPU
		{F323F6C5-87EA-4582-B52B-93B791932866}.Release|Any CPU.ActiveCfg = Release|Any CPU
		{F323F6C5-87EA-4582-B52B-93B791932866}.Release|Any CPU.Build.0 = Release|Any CPU
		{618AC6A1-C532-45F3-AFF8-A96ADE9EFD1C}.Debug|Any CPU.ActiveCfg = Debug|Any CPU
		{618AC6A1-C532-45F3-AFF8-A96ADE9EFD1C}.Debug|Any CPU.Build.0 = Debug|Any CPU
		{618AC6A1-C532-45F3-AFF8-A96ADE9EFD1C}.Release|Any CPU.ActiveCfg = Release|Any CPU
		{618AC6A1-C532-45F3-AFF8-A96ADE9EFD1C}.Release|Any CPU.Build.0 = Release|Any CPU
		{4F904E9B-9D4A-4AA7-A045-E7F11A3AEFC9}.Debug|Any CPU.ActiveCfg = Debug|Any CPU
		{4F904E9B-9D4A-4AA7-A045-E7F11A3AEFC9}.Debug|Any CPU.Build.0 = Debug|Any CPU
		{4F904E9B-9D4A-4AA7-A045-E7F11A3AEFC9}.Release|Any CPU.ActiveCfg = Release|Any CPU
		{4F904E9B-9D4A-4AA7-A045-E7F11A3AEFC9}.Release|Any CPU.Build.0 = Release|Any CPU
		{76482639-B20E-4B24-9778-0676B3934EE5}.Debug|Any CPU.ActiveCfg = Debug|Any CPU
		{76482639-B20E-4B24-9778-0676B3934EE5}.Debug|Any CPU.Build.0 = Debug|Any CPU
		{76482639-B20E-4B24-9778-0676B3934EE5}.Release|Any CPU.ActiveCfg = Release|Any CPU
		{76482639-B20E-4B24-9778-0676B3934EE5}.Release|Any CPU.Build.0 = Release|Any CPU
		{25A32C13-88ED-412F-9BBA-BE73B9840251}.Debug|Any CPU.ActiveCfg = Debug|Any CPU
		{25A32C13-88ED-412F-9BBA-BE73B9840251}.Debug|Any CPU.Build.0 = Debug|Any CPU
		{25A32C13-88ED-412F-9BBA-BE73B9840251}.Release|Any CPU.ActiveCfg = Release|Any CPU
		{25A32C13-88ED-412F-9BBA-BE73B9840251}.Release|Any CPU.Build.0 = Release|Any CPU
		{8CFE8A68-803A-40BB-8B85-3927E92021A5}.Debug|Any CPU.ActiveCfg = Debug|Any CPU
		{8CFE8A68-803A-40BB-8B85-3927E92021A5}.Debug|Any CPU.Build.0 = Debug|Any CPU
		{8CFE8A68-803A-40BB-8B85-3927E92021A5}.Release|Any CPU.ActiveCfg = Release|Any CPU
		{8CFE8A68-803A-40BB-8B85-3927E92021A5}.Release|Any CPU.Build.0 = Release|Any CPU
		{9FA8299F-47B8-4D6E-AB27-DF28028B6A57}.Debug|Any CPU.ActiveCfg = Debug|Any CPU
		{9FA8299F-47B8-4D6E-AB27-DF28028B6A57}.Debug|Any CPU.Build.0 = Debug|Any CPU
		{9FA8299F-47B8-4D6E-AB27-DF28028B6A57}.Release|Any CPU.ActiveCfg = Release|Any CPU
		{9FA8299F-47B8-4D6E-AB27-DF28028B6A57}.Release|Any CPU.Build.0 = Release|Any CPU
		{597C3A8D-8B20-43BC-9CDC-231DA2684539}.Debug|Any CPU.ActiveCfg = Debug|Any CPU
		{597C3A8D-8B20-43BC-9CDC-231DA2684539}.Debug|Any CPU.Build.0 = Debug|Any CPU
		{597C3A8D-8B20-43BC-9CDC-231DA2684539}.Release|Any CPU.ActiveCfg = Release|Any CPU
		{597C3A8D-8B20-43BC-9CDC-231DA2684539}.Release|Any CPU.Build.0 = Release|Any CPU
		{4E7023E4-3356-4D18-85E2-5E38E8BC6E89}.Debug|Any CPU.ActiveCfg = Debug|Any CPU
		{4E7023E4-3356-4D18-85E2-5E38E8BC6E89}.Debug|Any CPU.Build.0 = Debug|Any CPU
		{4E7023E4-3356-4D18-85E2-5E38E8BC6E89}.Release|Any CPU.ActiveCfg = Release|Any CPU
		{4E7023E4-3356-4D18-85E2-5E38E8BC6E89}.Release|Any CPU.Build.0 = Release|Any CPU
		{F455B1BC-9B3F-453F-86BC-1F6DAB47A377}.Debug|Any CPU.ActiveCfg = Debug|Any CPU
		{F455B1BC-9B3F-453F-86BC-1F6DAB47A377}.Debug|Any CPU.Build.0 = Debug|Any CPU
		{F455B1BC-9B3F-453F-86BC-1F6DAB47A377}.Release|Any CPU.ActiveCfg = Release|Any CPU
		{F455B1BC-9B3F-453F-86BC-1F6DAB47A377}.Release|Any CPU.Build.0 = Release|Any CPU
		{C584D1A3-1B26-4F9B-AA28-68D45363B717}.Debug|Any CPU.ActiveCfg = Debug|Any CPU
		{C584D1A3-1B26-4F9B-AA28-68D45363B717}.Debug|Any CPU.Build.0 = Debug|Any CPU
		{C584D1A3-1B26-4F9B-AA28-68D45363B717}.Release|Any CPU.ActiveCfg = Release|Any CPU
		{C584D1A3-1B26-4F9B-AA28-68D45363B717}.Release|Any CPU.Build.0 = Release|Any CPU
		{C91F7DF9-637E-428F-BB9D-0FE7D751777E}.Debug|Any CPU.ActiveCfg = Debug|Any CPU
		{C91F7DF9-637E-428F-BB9D-0FE7D751777E}.Debug|Any CPU.Build.0 = Debug|Any CPU
		{C91F7DF9-637E-428F-BB9D-0FE7D751777E}.Release|Any CPU.ActiveCfg = Release|Any CPU
		{C91F7DF9-637E-428F-BB9D-0FE7D751777E}.Release|Any CPU.Build.0 = Release|Any CPU
		{49DA74F8-F9C7-42DC-8501-B188BE1AA544}.Debug|Any CPU.ActiveCfg = Debug|Any CPU
		{49DA74F8-F9C7-42DC-8501-B188BE1AA544}.Debug|Any CPU.Build.0 = Debug|Any CPU
		{49DA74F8-F9C7-42DC-8501-B188BE1AA544}.Release|Any CPU.ActiveCfg = Release|Any CPU
		{49DA74F8-F9C7-42DC-8501-B188BE1AA544}.Release|Any CPU.Build.0 = Release|Any CPU
		{65F8A55E-4F39-4C36-BC35-EDE0D117EB3C}.Debug|Any CPU.ActiveCfg = Debug|Any CPU
		{65F8A55E-4F39-4C36-BC35-EDE0D117EB3C}.Debug|Any CPU.Build.0 = Debug|Any CPU
		{65F8A55E-4F39-4C36-BC35-EDE0D117EB3C}.Release|Any CPU.ActiveCfg = Release|Any CPU
		{65F8A55E-4F39-4C36-BC35-EDE0D117EB3C}.Release|Any CPU.Build.0 = Release|Any CPU
		{4D23D743-CFFA-4FF9-AE65-12DD71199A67}.Debug|Any CPU.ActiveCfg = Debug|Any CPU
		{4D23D743-CFFA-4FF9-AE65-12DD71199A67}.Debug|Any CPU.Build.0 = Debug|Any CPU
		{4D23D743-CFFA-4FF9-AE65-12DD71199A67}.Release|Any CPU.ActiveCfg = Release|Any CPU
		{4D23D743-CFFA-4FF9-AE65-12DD71199A67}.Release|Any CPU.Build.0 = Release|Any CPU
		{A7F268A3-DC60-4884-A4B7-6A9FA7986502}.Debug|Any CPU.ActiveCfg = Debug|Any CPU
		{A7F268A3-DC60-4884-A4B7-6A9FA7986502}.Debug|Any CPU.Build.0 = Debug|Any CPU
		{A7F268A3-DC60-4884-A4B7-6A9FA7986502}.Release|Any CPU.ActiveCfg = Release|Any CPU
		{A7F268A3-DC60-4884-A4B7-6A9FA7986502}.Release|Any CPU.Build.0 = Release|Any CPU
		{8519AC8C-94B3-46CA-8FD7-A1FE49824801}.Debug|Any CPU.ActiveCfg = Debug|Any CPU
		{8519AC8C-94B3-46CA-8FD7-A1FE49824801}.Debug|Any CPU.Build.0 = Debug|Any CPU
		{8519AC8C-94B3-46CA-8FD7-A1FE49824801}.Release|Any CPU.ActiveCfg = Release|Any CPU
		{8519AC8C-94B3-46CA-8FD7-A1FE49824801}.Release|Any CPU.Build.0 = Release|Any CPU
		{B8549A0E-4EE6-477D-BD13-52D0DF9F0F37}.Debug|Any CPU.ActiveCfg = Debug|Any CPU
		{B8549A0E-4EE6-477D-BD13-52D0DF9F0F37}.Debug|Any CPU.Build.0 = Debug|Any CPU
		{B8549A0E-4EE6-477D-BD13-52D0DF9F0F37}.Release|Any CPU.ActiveCfg = Release|Any CPU
		{B8549A0E-4EE6-477D-BD13-52D0DF9F0F37}.Release|Any CPU.Build.0 = Release|Any CPU
		{BBD28389-50FF-4578-97DE-D447B70D47BE}.Debug|Any CPU.ActiveCfg = Debug|Any CPU
		{BBD28389-50FF-4578-97DE-D447B70D47BE}.Debug|Any CPU.Build.0 = Debug|Any CPU
		{BBD28389-50FF-4578-97DE-D447B70D47BE}.Release|Any CPU.ActiveCfg = Release|Any CPU
		{BBD28389-50FF-4578-97DE-D447B70D47BE}.Release|Any CPU.Build.0 = Release|Any CPU
		{0283853F-7BBE-4BE3-9047-9D99DE1CCC78}.Debug|Any CPU.ActiveCfg = Debug|Any CPU
		{0283853F-7BBE-4BE3-9047-9D99DE1CCC78}.Debug|Any CPU.Build.0 = Debug|Any CPU
		{0283853F-7BBE-4BE3-9047-9D99DE1CCC78}.Release|Any CPU.ActiveCfg = Release|Any CPU
		{0283853F-7BBE-4BE3-9047-9D99DE1CCC78}.Release|Any CPU.Build.0 = Release|Any CPU
		{F6D6BFF6-9F12-4208-9D46-5D6254A1B298}.Debug|Any CPU.ActiveCfg = Debug|Any CPU
		{F6D6BFF6-9F12-4208-9D46-5D6254A1B298}.Debug|Any CPU.Build.0 = Debug|Any CPU
		{F6D6BFF6-9F12-4208-9D46-5D6254A1B298}.Release|Any CPU.ActiveCfg = Release|Any CPU
		{F6D6BFF6-9F12-4208-9D46-5D6254A1B298}.Release|Any CPU.Build.0 = Release|Any CPU
		{B67267CB-1C67-4FFA-987C-E4D9509A7A3C}.Debug|Any CPU.ActiveCfg = Debug|Any CPU
		{B67267CB-1C67-4FFA-987C-E4D9509A7A3C}.Debug|Any CPU.Build.0 = Debug|Any CPU
		{B67267CB-1C67-4FFA-987C-E4D9509A7A3C}.Release|Any CPU.ActiveCfg = Release|Any CPU
		{B67267CB-1C67-4FFA-987C-E4D9509A7A3C}.Release|Any CPU.Build.0 = Release|Any CPU
		{7E317200-807A-4E14-B518-2B484D3ED76F}.Debug|Any CPU.ActiveCfg = Debug|Any CPU
		{7E317200-807A-4E14-B518-2B484D3ED76F}.Debug|Any CPU.Build.0 = Debug|Any CPU
		{7E317200-807A-4E14-B518-2B484D3ED76F}.Release|Any CPU.ActiveCfg = Release|Any CPU
		{7E317200-807A-4E14-B518-2B484D3ED76F}.Release|Any CPU.Build.0 = Release|Any CPU
		{AA768303-21BB-4838-AE24-0DEF701DB038}.Debug|Any CPU.ActiveCfg = Debug|Any CPU
		{AA768303-21BB-4838-AE24-0DEF701DB038}.Debug|Any CPU.Build.0 = Debug|Any CPU
		{AA768303-21BB-4838-AE24-0DEF701DB038}.Release|Any CPU.ActiveCfg = Release|Any CPU
		{AA768303-21BB-4838-AE24-0DEF701DB038}.Release|Any CPU.Build.0 = Release|Any CPU
		{95808CA7-834B-4211-BA8E-D08D73F895A2}.Debug|Any CPU.ActiveCfg = Debug|Any CPU
		{95808CA7-834B-4211-BA8E-D08D73F895A2}.Debug|Any CPU.Build.0 = Debug|Any CPU
		{95808CA7-834B-4211-BA8E-D08D73F895A2}.Release|Any CPU.ActiveCfg = Release|Any CPU
		{95808CA7-834B-4211-BA8E-D08D73F895A2}.Release|Any CPU.Build.0 = Release|Any CPU
		{74E2BD79-5F9D-47F0-A5CA-17D1C3939E13}.Debug|Any CPU.ActiveCfg = Debug|Any CPU
		{74E2BD79-5F9D-47F0-A5CA-17D1C3939E13}.Debug|Any CPU.Build.0 = Debug|Any CPU
		{74E2BD79-5F9D-47F0-A5CA-17D1C3939E13}.Release|Any CPU.ActiveCfg = Release|Any CPU
		{74E2BD79-5F9D-47F0-A5CA-17D1C3939E13}.Release|Any CPU.Build.0 = Release|Any CPU
		{271285F5-B144-4903-A4D5-CF9484FE13EC}.Debug|Any CPU.ActiveCfg = Debug|Any CPU
		{271285F5-B144-4903-A4D5-CF9484FE13EC}.Debug|Any CPU.Build.0 = Debug|Any CPU
		{271285F5-B144-4903-A4D5-CF9484FE13EC}.Release|Any CPU.ActiveCfg = Release|Any CPU
		{271285F5-B144-4903-A4D5-CF9484FE13EC}.Release|Any CPU.Build.0 = Release|Any CPU
		{284CA750-582E-4B62-B2EE-27352F71B8C3}.Debug|Any CPU.ActiveCfg = Debug|Any CPU
		{284CA750-582E-4B62-B2EE-27352F71B8C3}.Debug|Any CPU.Build.0 = Debug|Any CPU
		{284CA750-582E-4B62-B2EE-27352F71B8C3}.Release|Any CPU.ActiveCfg = Release|Any CPU
		{284CA750-582E-4B62-B2EE-27352F71B8C3}.Release|Any CPU.Build.0 = Release|Any CPU
		{B4E81F00-9ECB-407F-A171-5F5727C2D325}.Debug|Any CPU.ActiveCfg = Debug|Any CPU
		{B4E81F00-9ECB-407F-A171-5F5727C2D325}.Debug|Any CPU.Build.0 = Debug|Any CPU
		{B4E81F00-9ECB-407F-A171-5F5727C2D325}.Release|Any CPU.ActiveCfg = Release|Any CPU
		{B4E81F00-9ECB-407F-A171-5F5727C2D325}.Release|Any CPU.Build.0 = Release|Any CPU
		{4A49F2D2-BD16-43FF-AC2C-B4F1CC7997D4}.Debug|Any CPU.ActiveCfg = Debug|Any CPU
		{4A49F2D2-BD16-43FF-AC2C-B4F1CC7997D4}.Debug|Any CPU.Build.0 = Debug|Any CPU
		{4A49F2D2-BD16-43FF-AC2C-B4F1CC7997D4}.Release|Any CPU.ActiveCfg = Release|Any CPU
		{4A49F2D2-BD16-43FF-AC2C-B4F1CC7997D4}.Release|Any CPU.Build.0 = Release|Any CPU
		{DC155FD7-B9AC-41AF-8E0E-99A65A21C4BF}.Debug|Any CPU.ActiveCfg = Debug|Any CPU
		{DC155FD7-B9AC-41AF-8E0E-99A65A21C4BF}.Debug|Any CPU.Build.0 = Debug|Any CPU
		{DC155FD7-B9AC-41AF-8E0E-99A65A21C4BF}.Release|Any CPU.ActiveCfg = Release|Any CPU
		{DC155FD7-B9AC-41AF-8E0E-99A65A21C4BF}.Release|Any CPU.Build.0 = Release|Any CPU
		{68EB0B45-0A5B-4D1F-B48B-1C52286EFAA6}.Debug|Any CPU.ActiveCfg = Debug|Any CPU
		{68EB0B45-0A5B-4D1F-B48B-1C52286EFAA6}.Debug|Any CPU.Build.0 = Debug|Any CPU
		{68EB0B45-0A5B-4D1F-B48B-1C52286EFAA6}.Release|Any CPU.ActiveCfg = Release|Any CPU
		{68EB0B45-0A5B-4D1F-B48B-1C52286EFAA6}.Release|Any CPU.Build.0 = Release|Any CPU
		{08062EE0-835D-40DD-9FA8-C7E54D4AD38A}.Debug|Any CPU.ActiveCfg = Debug|Any CPU
		{08062EE0-835D-40DD-9FA8-C7E54D4AD38A}.Debug|Any CPU.Build.0 = Debug|Any CPU
		{08062EE0-835D-40DD-9FA8-C7E54D4AD38A}.Release|Any CPU.ActiveCfg = Release|Any CPU
		{08062EE0-835D-40DD-9FA8-C7E54D4AD38A}.Release|Any CPU.Build.0 = Release|Any CPU
		{05C0B241-86C7-433D-81AC-B76CCA06A31B}.Debug|Any CPU.ActiveCfg = Debug|Any CPU
		{05C0B241-86C7-433D-81AC-B76CCA06A31B}.Debug|Any CPU.Build.0 = Debug|Any CPU
		{05C0B241-86C7-433D-81AC-B76CCA06A31B}.Release|Any CPU.ActiveCfg = Release|Any CPU
		{05C0B241-86C7-433D-81AC-B76CCA06A31B}.Release|Any CPU.Build.0 = Release|Any CPU
		{82F1A75E-455E-423B-9A04-98566605F75D}.Debug|Any CPU.ActiveCfg = Debug|Any CPU
		{82F1A75E-455E-423B-9A04-98566605F75D}.Debug|Any CPU.Build.0 = Debug|Any CPU
		{82F1A75E-455E-423B-9A04-98566605F75D}.Release|Any CPU.ActiveCfg = Release|Any CPU
		{82F1A75E-455E-423B-9A04-98566605F75D}.Release|Any CPU.Build.0 = Release|Any CPU
		{F95DCF77-B7D3-4055-8295-FC58414096B7}.Debug|Any CPU.ActiveCfg = Debug|Any CPU
		{F95DCF77-B7D3-4055-8295-FC58414096B7}.Debug|Any CPU.Build.0 = Debug|Any CPU
		{F95DCF77-B7D3-4055-8295-FC58414096B7}.Release|Any CPU.ActiveCfg = Release|Any CPU
		{F95DCF77-B7D3-4055-8295-FC58414096B7}.Release|Any CPU.Build.0 = Release|Any CPU
		{1BDD803C-B601-4DA6-901F-76A27A93ADEA}.Debug|Any CPU.ActiveCfg = Debug|Any CPU
		{1BDD803C-B601-4DA6-901F-76A27A93ADEA}.Debug|Any CPU.Build.0 = Debug|Any CPU
		{1BDD803C-B601-4DA6-901F-76A27A93ADEA}.Release|Any CPU.ActiveCfg = Release|Any CPU
		{1BDD803C-B601-4DA6-901F-76A27A93ADEA}.Release|Any CPU.Build.0 = Release|Any CPU
		{71EBD30D-737D-4731-BF1B-54F2A96F6EA8}.Debug|Any CPU.ActiveCfg = Debug|Any CPU
		{71EBD30D-737D-4731-BF1B-54F2A96F6EA8}.Debug|Any CPU.Build.0 = Debug|Any CPU
		{71EBD30D-737D-4731-BF1B-54F2A96F6EA8}.Release|Any CPU.ActiveCfg = Release|Any CPU
		{71EBD30D-737D-4731-BF1B-54F2A96F6EA8}.Release|Any CPU.Build.0 = Release|Any CPU
		{D9D39D36-D494-462C-A593-5340F3F2903E}.Debug|Any CPU.ActiveCfg = Debug|Any CPU
		{D9D39D36-D494-462C-A593-5340F3F2903E}.Debug|Any CPU.Build.0 = Debug|Any CPU
		{D9D39D36-D494-462C-A593-5340F3F2903E}.Release|Any CPU.ActiveCfg = Release|Any CPU
		{D9D39D36-D494-462C-A593-5340F3F2903E}.Release|Any CPU.Build.0 = Release|Any CPU
		{9F0B7EB2-BA41-4C8D-A265-E931D137482D}.Debug|Any CPU.ActiveCfg = Debug|Any CPU
		{9F0B7EB2-BA41-4C8D-A265-E931D137482D}.Debug|Any CPU.Build.0 = Debug|Any CPU
		{9F0B7EB2-BA41-4C8D-A265-E931D137482D}.Release|Any CPU.ActiveCfg = Release|Any CPU
		{9F0B7EB2-BA41-4C8D-A265-E931D137482D}.Release|Any CPU.Build.0 = Release|Any CPU
		{2BC36430-4685-40BF-9CB4-D4DEF3DD1F5C}.Debug|Any CPU.ActiveCfg = Debug|Any CPU
		{2BC36430-4685-40BF-9CB4-D4DEF3DD1F5C}.Debug|Any CPU.Build.0 = Debug|Any CPU
		{2BC36430-4685-40BF-9CB4-D4DEF3DD1F5C}.Release|Any CPU.ActiveCfg = Release|Any CPU
		{2BC36430-4685-40BF-9CB4-D4DEF3DD1F5C}.Release|Any CPU.Build.0 = Release|Any CPU
	EndGlobalSection
	GlobalSection(SolutionProperties) = preSolution
		HideSolutionNode = FALSE
	EndGlobalSection
	GlobalSection(NestedProjects) = preSolution
		{62885B61-1CEC-46F4-ABAF-58630FB461E5} = {8AAE8EEE-AC33-4E8F-A707-384753A2DFC9}
		{886C2B81-023C-4227-B881-1968202745DE} = {D7BBE3BA-F521-4E5A-8E6C-4A7AB45652D2}
		{8AAE8EEE-AC33-4E8F-A707-384753A2DFC9} = {CEB89282-BFCA-41E9-BA38-D5057EE42549}
		{D7BBE3BA-F521-4E5A-8E6C-4A7AB45652D2} = {CEB89282-BFCA-41E9-BA38-D5057EE42549}
		{2990AE43-0F74-4CB2-9556-16BA59F6EDB3} = {8AAE8EEE-AC33-4E8F-A707-384753A2DFC9}
		{EE122E58-CD32-4D46-BB34-56982F0AC60E} = {FF2098D2-D9C9-4D9C-B037-6ED5D63F659D}
		{5B3FDCEF-1AF2-4D1C-B373-55B0A4B7FCB1} = {FF2098D2-D9C9-4D9C-B037-6ED5D63F659D}
		{3A88D233-8B33-44EA-BF25-F3966A500B38} = {EE122E58-CD32-4D46-BB34-56982F0AC60E}
		{F8FF6902-4830-4F78-890C-4B050E738FFB} = {5B3FDCEF-1AF2-4D1C-B373-55B0A4B7FCB1}
		{A29F19C6-61AD-4C85-87BA-EC4D808AE62B} = {5B3FDCEF-1AF2-4D1C-B373-55B0A4B7FCB1}
		{13F0D223-3AB3-476B-A606-BE5192ACD5BA} = {F8FF6902-4830-4F78-890C-4B050E738FFB}
		{7DBD1AD7-0C04-4DC4-88FF-6C10869AEEB9} = {A29F19C6-61AD-4C85-87BA-EC4D808AE62B}
		{74DC3B68-76C7-49AF-99B3-FD73223D68A1} = {76AED222-509A-48FF-B3D2-3572FCBE2908}
		{23E16E30-E3DF-489D-99FA-F7C680921EC3} = {76AED222-509A-48FF-B3D2-3572FCBE2908}
		{E21B55EB-F068-402A-BC42-1D7A71F917B0} = {76AED222-509A-48FF-B3D2-3572FCBE2908}
		{3F4D52F6-54E5-47F9-9521-6351BEC4B5A1} = {E21B55EB-F068-402A-BC42-1D7A71F917B0}
		{E9219C24-9667-4840-A44C-B7A309498130} = {E21B55EB-F068-402A-BC42-1D7A71F917B0}
		{1C8A4216-AB0D-40A7-9F35-A31AFC3FA4F2} = {E21B55EB-F068-402A-BC42-1D7A71F917B0}
		{C864E721-0505-417A-B768-C87D28DE7FC8} = {E21B55EB-F068-402A-BC42-1D7A71F917B0}
		{BB47C77A-87F9-4709-A1C6-2C7917233561} = {76AED222-509A-48FF-B3D2-3572FCBE2908}
		{428514F7-4ACE-4346-8AFB-FC92405C11B4} = {BB47C77A-87F9-4709-A1C6-2C7917233561}
		{834BAAB8-BCA9-44DE-92BF-F72B10C0DED3} = {BB47C77A-87F9-4709-A1C6-2C7917233561}
		{EC1029DE-335F-44ED-B0FE-58BA317276FD} = {E21B55EB-F068-402A-BC42-1D7A71F917B0}
		{2AB9124B-F663-4004-8898-005ACA59B7B1} = {E21B55EB-F068-402A-BC42-1D7A71F917B0}
		{88E8FD60-9A25-4393-9424-83675896599A} = {E21B55EB-F068-402A-BC42-1D7A71F917B0}
		{D827EEC5-7709-427F-8EF8-EA5C39BE3183} = {92C4918D-A820-4618-AAC2-FC617627369B}
		{C0CD2C11-5A3D-4A2E-89B8-B08C28AAAE97} = {92C4918D-A820-4618-AAC2-FC617627369B}
		{838AC74E-C4E0-4484-B729-73C2E8A853E5} = {92C4918D-A820-4618-AAC2-FC617627369B}
		{B289E79B-793D-4316-8F82-7143ACB1B42B} = {76AED222-509A-48FF-B3D2-3572FCBE2908}
		{5691A0AF-CAB5-45C8-8FE8-C228A05CAF56} = {76AED222-509A-48FF-B3D2-3572FCBE2908}
		{296F07B3-F067-4E03-9810-95B7641C9F64} = {92C4918D-A820-4618-AAC2-FC617627369B}
		{D929ED63-4C74-4015-9FCE-BB713B60E70E} = {92C4918D-A820-4618-AAC2-FC617627369B}
		{F323F6C5-87EA-4582-B52B-93B791932866} = {D13D120C-0FCE-44C2-9910-193A386C337A}
		{618AC6A1-C532-45F3-AFF8-A96ADE9EFD1C} = {63841C2D-5391-4CBB-BF05-71D5A8F78221}
		{809ABABD-C66A-45AB-837B-F1A79C7010E5} = {F5441EA6-14DD-4B9B-8D30-9AA55E8F9ACC}
		{E5D478A2-B171-4C86-A330-EABBA573193D} = {F5441EA6-14DD-4B9B-8D30-9AA55E8F9ACC}
		{4F904E9B-9D4A-4AA7-A045-E7F11A3AEFC9} = {809ABABD-C66A-45AB-837B-F1A79C7010E5}
		{76482639-B20E-4B24-9778-0676B3934EE5} = {E5D478A2-B171-4C86-A330-EABBA573193D}
		{25A32C13-88ED-412F-9BBA-BE73B9840251} = {FCDC05CE-3A39-4B18-B339-B6AB142804B3}
		{8CFE8A68-803A-40BB-8B85-3927E92021A5} = {FCDC05CE-3A39-4B18-B339-B6AB142804B3}
		{9FA8299F-47B8-4D6E-AB27-DF28028B6A57} = {FCDC05CE-3A39-4B18-B339-B6AB142804B3}
		{597C3A8D-8B20-43BC-9CDC-231DA2684539} = {FCDC05CE-3A39-4B18-B339-B6AB142804B3}
		{4E7023E4-3356-4D18-85E2-5E38E8BC6E89} = {FCDC05CE-3A39-4B18-B339-B6AB142804B3}
		{F455B1BC-9B3F-453F-86BC-1F6DAB47A377} = {63841C2D-5391-4CBB-BF05-71D5A8F78221}
		{C584D1A3-1B26-4F9B-AA28-68D45363B717} = {63841C2D-5391-4CBB-BF05-71D5A8F78221}
		{C91F7DF9-637E-428F-BB9D-0FE7D751777E} = {D13D120C-0FCE-44C2-9910-193A386C337A}
		{49DA74F8-F9C7-42DC-8501-B188BE1AA544} = {D13D120C-0FCE-44C2-9910-193A386C337A}
		{65F8A55E-4F39-4C36-BC35-EDE0D117EB3C} = {F507B9CC-42B2-45B2-B0EC-CC72C719D08F}
		{4D23D743-CFFA-4FF9-AE65-12DD71199A67} = {F507B9CC-42B2-45B2-B0EC-CC72C719D08F}
		{A7F268A3-DC60-4884-A4B7-6A9FA7986502} = {F507B9CC-42B2-45B2-B0EC-CC72C719D08F}
		{6F395E74-D985-43A4-9A82-8E720D13D82E} = {F507B9CC-42B2-45B2-B0EC-CC72C719D08F}
		{D78DB6D0-40D3-40F8-9891-F355EF5595FB} = {6F395E74-D985-43A4-9A82-8E720D13D82E}
		{2A2EEBBB-45EC-4AB7-8CEF-FE6AB1292143} = {6F395E74-D985-43A4-9A82-8E720D13D82E}
		{8519AC8C-94B3-46CA-8FD7-A1FE49824801} = {2A2EEBBB-45EC-4AB7-8CEF-FE6AB1292143}
		{B8549A0E-4EE6-477D-BD13-52D0DF9F0F37} = {4D16C399-D6E3-4C40-B3A4-3D8237AA8A37}
		{936610ED-669E-451D-8B5D-6E1A6C63AE44} = {6F395E74-D985-43A4-9A82-8E720D13D82E}
		{BBD28389-50FF-4578-97DE-D447B70D47BE} = {936610ED-669E-451D-8B5D-6E1A6C63AE44}
		{0283853F-7BBE-4BE3-9047-9D99DE1CCC78} = {D78DB6D0-40D3-40F8-9891-F355EF5595FB}
		{4D16C399-D6E3-4C40-B3A4-3D8237AA8A37} = {6F395E74-D985-43A4-9A82-8E720D13D82E}
		{F6D6BFF6-9F12-4208-9D46-5D6254A1B298} = {89460BEC-2658-4F42-B76A-AE3E99ECCDC6}
		{CF3C300E-008A-4847-BFF2-9BDE06DB3FD2} = {F507B9CC-42B2-45B2-B0EC-CC72C719D08F}
		{B67267CB-1C67-4FFA-987C-E4D9509A7A3C} = {CF3C300E-008A-4847-BFF2-9BDE06DB3FD2}
		{7E317200-807A-4E14-B518-2B484D3ED76F} = {89460BEC-2658-4F42-B76A-AE3E99ECCDC6}
		{AA768303-21BB-4838-AE24-0DEF701DB038} = {89460BEC-2658-4F42-B76A-AE3E99ECCDC6}
		{95808CA7-834B-4211-BA8E-D08D73F895A2} = {89460BEC-2658-4F42-B76A-AE3E99ECCDC6}
		{74E2BD79-5F9D-47F0-A5CA-17D1C3939E13} = {89460BEC-2658-4F42-B76A-AE3E99ECCDC6}
		{271285F5-B144-4903-A4D5-CF9484FE13EC} = {89460BEC-2658-4F42-B76A-AE3E99ECCDC6}
		{284CA750-582E-4B62-B2EE-27352F71B8C3} = {89460BEC-2658-4F42-B76A-AE3E99ECCDC6}
		{99D5AD71-2C1C-4C8E-9836-AFA56E125995} = {89460BEC-2658-4F42-B76A-AE3E99ECCDC6}
		{B0F379DE-4E9A-45A4-ACC2-52B2306BE0A3} = {99D5AD71-2C1C-4C8E-9836-AFA56E125995}
		{AF27F009-6B26-41B5-B05B-32057AA2AB2B} = {99D5AD71-2C1C-4C8E-9836-AFA56E125995}
		{97024136-E6ED-4A46-9CF8-F84C1FBCDC72} = {99D5AD71-2C1C-4C8E-9836-AFA56E125995}
		{B4E81F00-9ECB-407F-A171-5F5727C2D325} = {97024136-E6ED-4A46-9CF8-F84C1FBCDC72}
		{4A49F2D2-BD16-43FF-AC2C-B4F1CC7997D4} = {B0F379DE-4E9A-45A4-ACC2-52B2306BE0A3}
		{DC155FD7-B9AC-41AF-8E0E-99A65A21C4BF} = {AF27F009-6B26-41B5-B05B-32057AA2AB2B}
		{68EB0B45-0A5B-4D1F-B48B-1C52286EFAA6} = {CF3C300E-008A-4847-BFF2-9BDE06DB3FD2}
		{A5B58552-6DBD-48ED-8478-A76EE67A86DF} = {53726962-7001-4E38-8C50-B9956D55499D}
		{0043E1CE-34EB-46CB-B9C0-6C902ACEEDCE} = {A5B58552-6DBD-48ED-8478-A76EE67A86DF}
		{08062EE0-835D-40DD-9FA8-C7E54D4AD38A} = {0043E1CE-34EB-46CB-B9C0-6C902ACEEDCE}
		{05C0B241-86C7-433D-81AC-B76CCA06A31B} = {0043E1CE-34EB-46CB-B9C0-6C902ACEEDCE}
		{AFA2F63E-8618-4A0A-811E-1545AC6A97E2} = {A5B58552-6DBD-48ED-8478-A76EE67A86DF}
		{82F1A75E-455E-423B-9A04-98566605F75D} = {AFA2F63E-8618-4A0A-811E-1545AC6A97E2}
		{9FBA0801-E0E4-4D59-8932-E8E3507C6E66} = {A5B58552-6DBD-48ED-8478-A76EE67A86DF}
		{F95DCF77-B7D3-4055-8295-FC58414096B7} = {9FBA0801-E0E4-4D59-8932-E8E3507C6E66}
		{9E539343-B9EE-4EC5-ADD0-6AD2B0E18F19} = {A5B58552-6DBD-48ED-8478-A76EE67A86DF}
		{1BDD803C-B601-4DA6-901F-76A27A93ADEA} = {9E539343-B9EE-4EC5-ADD0-6AD2B0E18F19}
		{71EBD30D-737D-4731-BF1B-54F2A96F6EA8} = {AFA2F63E-8618-4A0A-811E-1545AC6A97E2}
		{D9D39D36-D494-462C-A593-5340F3F2903E} = {9FBA0801-E0E4-4D59-8932-E8E3507C6E66}
		{2FDBA225-B8C0-4E2A-B512-C15B931925D6} = {A5B58552-6DBD-48ED-8478-A76EE67A86DF}
		{94CBADB7-52C9-4937-BD3F-1AE74778EC17} = {A5B58552-6DBD-48ED-8478-A76EE67A86DF}
		{9F0B7EB2-BA41-4C8D-A265-E931D137482D} = {2FDBA225-B8C0-4E2A-B512-C15B931925D6}
		{2BC36430-4685-40BF-9CB4-D4DEF3DD1F5C} = {94CBADB7-52C9-4937-BD3F-1AE74778EC17}
	EndGlobalSection
	GlobalSection(ExtensibilityGlobals) = postSolution
		SolutionGuid = {BCA26B52-FADC-4BAB-AFC6-D3427FC75906}
	EndGlobalSection
EndGlobal
